// !$*UTF8*$!
{
	archiveVersion = 1;
	classes = {
	};
	objectVersion = 46;
	objects = {

/* Begin PBXBuildFile section */
		9F1AA334A1CC62E55B141A9F /* Pods.framework in Frameworks */ = {isa = PBXBuildFile; fileRef = 2D70162D3C8EADEC46ABB2C6 /* Pods.framework */; };
		BE39BA221C291BF40000A87F /* TabBarController.swift in Sources */ = {isa = PBXBuildFile; fileRef = BE39BA211C291BF40000A87F /* TabBarController.swift */; };
		BE3F45441C2A992500DD1863 /* User.swift in Sources */ = {isa = PBXBuildFile; fileRef = BE3F45431C2A992500DD1863 /* User.swift */; };
		BE3F45461C2A993400DD1863 /* Repo.swift in Sources */ = {isa = PBXBuildFile; fileRef = BE3F45451C2A993400DD1863 /* Repo.swift */; };
		BE3F45491C2A994500DD1863 /* Event.swift in Sources */ = {isa = PBXBuildFile; fileRef = BE3F45481C2A994500DD1863 /* Event.swift */; };
		BE989A311C24F61B00EF013F /* NewsTableViewController.swift in Sources */ = {isa = PBXBuildFile; fileRef = BE989A301C24F61B00EF013F /* NewsTableViewController.swift */; };
		BEBA2A6F1C26A4E600F64F05 /* NSURL+Queries.swift in Sources */ = {isa = PBXBuildFile; fileRef = BEBA2A6E1C26A4E600F64F05 /* NSURL+Queries.swift */; };
		BEBA2A711C26AACB00F64F05 /* Constants.swift in Sources */ = {isa = PBXBuildFile; fileRef = BEBA2A701C26AACB00F64F05 /* Constants.swift */; };
		BED608231C2A597B0097F8CE /* GitHubAPI.swift in Sources */ = {isa = PBXBuildFile; fileRef = BED608221C2A597B0097F8CE /* GitHubAPI.swift */; };
		BED813351C24EE6D0028F8B0 /* AppDelegate.swift in Sources */ = {isa = PBXBuildFile; fileRef = BED813341C24EE6D0028F8B0 /* AppDelegate.swift */; };
		BED8133C1C24EE6D0028F8B0 /* Main.storyboard in Resources */ = {isa = PBXBuildFile; fileRef = BED8133A1C24EE6D0028F8B0 /* Main.storyboard */; };
		BED8133E1C24EE6D0028F8B0 /* Assets.xcassets in Resources */ = {isa = PBXBuildFile; fileRef = BED8133D1C24EE6D0028F8B0 /* Assets.xcassets */; };
		BED813411C24EE6D0028F8B0 /* LaunchScreen.storyboard in Resources */ = {isa = PBXBuildFile; fileRef = BED8133F1C24EE6D0028F8B0 /* LaunchScreen.storyboard */; };
		BED8134C1C24EE6D0028F8B0 /* StarCatTests.swift in Sources */ = {isa = PBXBuildFile; fileRef = BED8134B1C24EE6D0028F8B0 /* StarCatTests.swift */; };
		BED813571C24EE6D0028F8B0 /* StarCatUITests.swift in Sources */ = {isa = PBXBuildFile; fileRef = BED813561C24EE6D0028F8B0 /* StarCatUITests.swift */; };
/* End PBXBuildFile section */

/* Begin PBXContainerItemProxy section */
		BED813481C24EE6D0028F8B0 /* PBXContainerItemProxy */ = {
			isa = PBXContainerItemProxy;
			containerPortal = BED813291C24EE6D0028F8B0 /* Project object */;
			proxyType = 1;
			remoteGlobalIDString = BED813301C24EE6D0028F8B0;
			remoteInfo = StarCat;
		};
		BED813531C24EE6D0028F8B0 /* PBXContainerItemProxy */ = {
			isa = PBXContainerItemProxy;
			containerPortal = BED813291C24EE6D0028F8B0 /* Project object */;
			proxyType = 1;
			remoteGlobalIDString = BED813301C24EE6D0028F8B0;
			remoteInfo = StarCat;
		};
/* End PBXContainerItemProxy section */

/* Begin PBXFileReference section */
		0A959F1A7D8EB2EA20E7CDA3 /* Pods.release.xcconfig */ = {isa = PBXFileReference; includeInIndex = 1; lastKnownFileType = text.xcconfig; name = Pods.release.xcconfig; path = "Pods/Target Support Files/Pods/Pods.release.xcconfig"; sourceTree = "<group>"; };
		2D70162D3C8EADEC46ABB2C6 /* Pods.framework */ = {isa = PBXFileReference; explicitFileType = wrapper.framework; includeInIndex = 0; path = Pods.framework; sourceTree = BUILT_PRODUCTS_DIR; };
		45D4651B526DB97C5A7B6211 /* Pods.debug.xcconfig */ = {isa = PBXFileReference; includeInIndex = 1; lastKnownFileType = text.xcconfig; name = Pods.debug.xcconfig; path = "Pods/Target Support Files/Pods/Pods.debug.xcconfig"; sourceTree = "<group>"; };
		BE39BA211C291BF40000A87F /* TabBarController.swift */ = {isa = PBXFileReference; fileEncoding = 4; lastKnownFileType = sourcecode.swift; path = TabBarController.swift; sourceTree = "<group>"; };
		BE3F45431C2A992500DD1863 /* User.swift */ = {isa = PBXFileReference; fileEncoding = 4; lastKnownFileType = sourcecode.swift; path = User.swift; sourceTree = "<group>"; };
		BE3F45451C2A993400DD1863 /* Repo.swift */ = {isa = PBXFileReference; fileEncoding = 4; lastKnownFileType = sourcecode.swift; path = Repo.swift; sourceTree = "<group>"; };
		BE3F45481C2A994500DD1863 /* Event.swift */ = {isa = PBXFileReference; fileEncoding = 4; lastKnownFileType = sourcecode.swift; path = Event.swift; sourceTree = "<group>"; };
		BE989A301C24F61B00EF013F /* NewsTableViewController.swift */ = {isa = PBXFileReference; fileEncoding = 4; lastKnownFileType = sourcecode.swift; path = NewsTableViewController.swift; sourceTree = "<group>"; };
		BEBA2A6E1C26A4E600F64F05 /* NSURL+Queries.swift */ = {isa = PBXFileReference; fileEncoding = 4; lastKnownFileType = sourcecode.swift; path = "NSURL+Queries.swift"; sourceTree = "<group>"; };
		BEBA2A701C26AACB00F64F05 /* Constants.swift */ = {isa = PBXFileReference; fileEncoding = 4; lastKnownFileType = sourcecode.swift; path = Constants.swift; sourceTree = "<group>"; };
		BED608221C2A597B0097F8CE /* GitHubAPI.swift */ = {isa = PBXFileReference; fileEncoding = 4; lastKnownFileType = sourcecode.swift; path = GitHubAPI.swift; sourceTree = "<group>"; };
		BED813311C24EE6D0028F8B0 /* StarCat.app */ = {isa = PBXFileReference; explicitFileType = wrapper.application; includeInIndex = 0; path = StarCat.app; sourceTree = BUILT_PRODUCTS_DIR; };
		BED813341C24EE6D0028F8B0 /* AppDelegate.swift */ = {isa = PBXFileReference; lastKnownFileType = sourcecode.swift; path = AppDelegate.swift; sourceTree = "<group>"; };
		BED8133B1C24EE6D0028F8B0 /* Base */ = {isa = PBXFileReference; lastKnownFileType = file.storyboard; name = Base; path = Base.lproj/Main.storyboard; sourceTree = "<group>"; };
		BED8133D1C24EE6D0028F8B0 /* Assets.xcassets */ = {isa = PBXFileReference; lastKnownFileType = folder.assetcatalog; path = Assets.xcassets; sourceTree = "<group>"; };
		BED813401C24EE6D0028F8B0 /* Base */ = {isa = PBXFileReference; lastKnownFileType = file.storyboard; name = Base; path = Base.lproj/LaunchScreen.storyboard; sourceTree = "<group>"; };
		BED813421C24EE6D0028F8B0 /* Info.plist */ = {isa = PBXFileReference; lastKnownFileType = text.plist.xml; path = Info.plist; sourceTree = "<group>"; };
		BED813471C24EE6D0028F8B0 /* StarCatTests.xctest */ = {isa = PBXFileReference; explicitFileType = wrapper.cfbundle; includeInIndex = 0; path = StarCatTests.xctest; sourceTree = BUILT_PRODUCTS_DIR; };
		BED8134B1C24EE6D0028F8B0 /* StarCatTests.swift */ = {isa = PBXFileReference; lastKnownFileType = sourcecode.swift; path = StarCatTests.swift; sourceTree = "<group>"; };
		BED8134D1C24EE6D0028F8B0 /* Info.plist */ = {isa = PBXFileReference; lastKnownFileType = text.plist.xml; path = Info.plist; sourceTree = "<group>"; };
		BED813521C24EE6D0028F8B0 /* StarCatUITests.xctest */ = {isa = PBXFileReference; explicitFileType = wrapper.cfbundle; includeInIndex = 0; path = StarCatUITests.xctest; sourceTree = BUILT_PRODUCTS_DIR; };
		BED813561C24EE6D0028F8B0 /* StarCatUITests.swift */ = {isa = PBXFileReference; lastKnownFileType = sourcecode.swift; path = StarCatUITests.swift; sourceTree = "<group>"; };
		BED813581C24EE6D0028F8B0 /* Info.plist */ = {isa = PBXFileReference; lastKnownFileType = text.plist.xml; path = Info.plist; sourceTree = "<group>"; };
/* End PBXFileReference section */

/* Begin PBXFrameworksBuildPhase section */
		BED8132E1C24EE6D0028F8B0 /* Frameworks */ = {
			isa = PBXFrameworksBuildPhase;
			buildActionMask = 2147483647;
			files = (
				9F1AA334A1CC62E55B141A9F /* Pods.framework in Frameworks */,
			);
			runOnlyForDeploymentPostprocessing = 0;
		};
		BED813441C24EE6D0028F8B0 /* Frameworks */ = {
			isa = PBXFrameworksBuildPhase;
			buildActionMask = 2147483647;
			files = (
			);
			runOnlyForDeploymentPostprocessing = 0;
		};
		BED8134F1C24EE6D0028F8B0 /* Frameworks */ = {
			isa = PBXFrameworksBuildPhase;
			buildActionMask = 2147483647;
			files = (
			);
			runOnlyForDeploymentPostprocessing = 0;
		};
/* End PBXFrameworksBuildPhase section */

/* Begin PBXGroup section */
		2060859843867025B484F1E3 /* Frameworks */ = {
			isa = PBXGroup;
			children = (
				2D70162D3C8EADEC46ABB2C6 /* Pods.framework */,
			);
			name = Frameworks;
			sourceTree = "<group>";
		};
		7D4B06B873C4F768014DF1DB /* Pods */ = {
			isa = PBXGroup;
			children = (
				45D4651B526DB97C5A7B6211 /* Pods.debug.xcconfig */,
				0A959F1A7D8EB2EA20E7CDA3 /* Pods.release.xcconfig */,
			);
			name = Pods;
			sourceTree = "<group>";
		};
		BE3F45401C2A98FC00DD1863 /* ViewControllers */ = {
			isa = PBXGroup;
			children = (
				BE989A301C24F61B00EF013F /* NewsTableViewController.swift */,
				BE39BA211C291BF40000A87F /* TabBarController.swift */,
			);
			path = ViewControllers;
			sourceTree = "<group>";
		};
		BE3F45411C2A990700DD1863 /* Services */ = {
			isa = PBXGroup;
			children = (
				BED608221C2A597B0097F8CE /* GitHubAPI.swift */,
			);
			path = Services;
			sourceTree = "<group>";
		};
		BE3F45421C2A991B00DD1863 /* Models */ = {
			isa = PBXGroup;
			children = (
				BE3F45481C2A994500DD1863 /* Event.swift */,
				BE3F45451C2A993400DD1863 /* Repo.swift */,
				BE3F45431C2A992500DD1863 /* User.swift */,
			);
			path = Models;
			sourceTree = "<group>";
		};
		BED813281C24EE6D0028F8B0 = {
			isa = PBXGroup;
			children = (
				2060859843867025B484F1E3 /* Frameworks */,
				7D4B06B873C4F768014DF1DB /* Pods */,
				BED813321C24EE6D0028F8B0 /* Products */,
				BED813331C24EE6D0028F8B0 /* StarCat */,
				BED8134A1C24EE6D0028F8B0 /* StarCatTests */,
				BED813551C24EE6D0028F8B0 /* StarCatUITests */,
			);
			sourceTree = "<group>";
		};
		BED813321C24EE6D0028F8B0 /* Products */ = {
			isa = PBXGroup;
			children = (
				BED813311C24EE6D0028F8B0 /* StarCat.app */,
				BED813471C24EE6D0028F8B0 /* StarCatTests.xctest */,
				BED813521C24EE6D0028F8B0 /* StarCatUITests.xctest */,
			);
			name = Products;
			sourceTree = "<group>";
		};
		BED813331C24EE6D0028F8B0 /* StarCat */ = {
			isa = PBXGroup;
			children = (
				BE3F45421C2A991B00DD1863 /* Models */,
				BE3F45411C2A990700DD1863 /* Services */,
				BE3F45401C2A98FC00DD1863 /* ViewControllers */,
				BED813341C24EE6D0028F8B0 /* AppDelegate.swift */,
				BED8133D1C24EE6D0028F8B0 /* Assets.xcassets */,
				BEBA2A701C26AACB00F64F05 /* Constants.swift */,
				BED813421C24EE6D0028F8B0 /* Info.plist */,
				BED8133F1C24EE6D0028F8B0 /* LaunchScreen.storyboard */,
				BED8133A1C24EE6D0028F8B0 /* Main.storyboard */,
				BEBA2A6E1C26A4E600F64F05 /* NSURL+Queries.swift */,
			);
			path = StarCat;
			sourceTree = "<group>";
		};
		BED8134A1C24EE6D0028F8B0 /* StarCatTests */ = {
			isa = PBXGroup;
			children = (
				BED8134D1C24EE6D0028F8B0 /* Info.plist */,
				BED8134B1C24EE6D0028F8B0 /* StarCatTests.swift */,
			);
			path = StarCatTests;
			sourceTree = "<group>";
		};
		BED813551C24EE6D0028F8B0 /* StarCatUITests */ = {
			isa = PBXGroup;
			children = (
				BED813581C24EE6D0028F8B0 /* Info.plist */,
				BED813561C24EE6D0028F8B0 /* StarCatUITests.swift */,
			);
			path = StarCatUITests;
			sourceTree = "<group>";
		};
/* End PBXGroup section */

/* Begin PBXNativeTarget section */
		BED813301C24EE6D0028F8B0 /* StarCat */ = {
			isa = PBXNativeTarget;
			buildConfigurationList = BED8135B1C24EE6D0028F8B0 /* Build configuration list for PBXNativeTarget "StarCat" */;
			buildPhases = (
				65A7382F9609EAB9BC8141AF /* Check Pods Manifest.lock */,
				BED8132D1C24EE6D0028F8B0 /* Sources */,
				BED8132E1C24EE6D0028F8B0 /* Frameworks */,
				BED8132F1C24EE6D0028F8B0 /* Resources */,
				B387C2D9CD9C145D1A071B36 /* Embed Pods Frameworks */,
				7349B0E92F145E5285F4D883 /* Copy Pods Resources */,
			);
			buildRules = (
			);
			dependencies = (
			);
			name = StarCat;
			productName = StarCat;
			productReference = BED813311C24EE6D0028F8B0 /* StarCat.app */;
			productType = "com.apple.product-type.application";
		};
		BED813461C24EE6D0028F8B0 /* StarCatTests */ = {
			isa = PBXNativeTarget;
			buildConfigurationList = BED8135E1C24EE6D0028F8B0 /* Build configuration list for PBXNativeTarget "StarCatTests" */;
			buildPhases = (
				BED813431C24EE6D0028F8B0 /* Sources */,
				BED813441C24EE6D0028F8B0 /* Frameworks */,
				BED813451C24EE6D0028F8B0 /* Resources */,
			);
			buildRules = (
			);
			dependencies = (
				BED813491C24EE6D0028F8B0 /* PBXTargetDependency */,
			);
			name = StarCatTests;
			productName = StarCatTests;
			productReference = BED813471C24EE6D0028F8B0 /* StarCatTests.xctest */;
			productType = "com.apple.product-type.bundle.unit-test";
		};
		BED813511C24EE6D0028F8B0 /* StarCatUITests */ = {
			isa = PBXNativeTarget;
			buildConfigurationList = BED813611C24EE6D0028F8B0 /* Build configuration list for PBXNativeTarget "StarCatUITests" */;
			buildPhases = (
				BED8134E1C24EE6D0028F8B0 /* Sources */,
				BED8134F1C24EE6D0028F8B0 /* Frameworks */,
				BED813501C24EE6D0028F8B0 /* Resources */,
			);
			buildRules = (
			);
			dependencies = (
				BED813541C24EE6D0028F8B0 /* PBXTargetDependency */,
			);
			name = StarCatUITests;
			productName = StarCatUITests;
			productReference = BED813521C24EE6D0028F8B0 /* StarCatUITests.xctest */;
			productType = "com.apple.product-type.bundle.ui-testing";
		};
/* End PBXNativeTarget section */

/* Begin PBXProject section */
		BED813291C24EE6D0028F8B0 /* Project object */ = {
			isa = PBXProject;
			attributes = {
				LastSwiftUpdateCheck = 0720;
				LastUpgradeCheck = 0720;
				ORGANIZATIONNAME = seanchas116;
				TargetAttributes = {
					BED813301C24EE6D0028F8B0 = {
						CreatedOnToolsVersion = 7.2;
						DevelopmentTeam = Y98WFXTSVC;
					};
					BED813461C24EE6D0028F8B0 = {
						CreatedOnToolsVersion = 7.2;
						TestTargetID = BED813301C24EE6D0028F8B0;
					};
					BED813511C24EE6D0028F8B0 = {
						CreatedOnToolsVersion = 7.2;
						TestTargetID = BED813301C24EE6D0028F8B0;
					};
				};
			};
			buildConfigurationList = BED8132C1C24EE6D0028F8B0 /* Build configuration list for PBXProject "StarCat" */;
			compatibilityVersion = "Xcode 3.2";
			developmentRegion = English;
			hasScannedForEncodings = 0;
			knownRegions = (
				en,
				Base,
			);
			mainGroup = BED813281C24EE6D0028F8B0;
			productRefGroup = BED813321C24EE6D0028F8B0 /* Products */;
			projectDirPath = "";
			projectRoot = "";
			targets = (
				BED813301C24EE6D0028F8B0 /* StarCat */,
				BED813461C24EE6D0028F8B0 /* StarCatTests */,
				BED813511C24EE6D0028F8B0 /* StarCatUITests */,
			);
		};
/* End PBXProject section */

/* Begin PBXResourcesBuildPhase section */
		BED8132F1C24EE6D0028F8B0 /* Resources */ = {
			isa = PBXResourcesBuildPhase;
			buildActionMask = 2147483647;
			files = (
				BED813411C24EE6D0028F8B0 /* LaunchScreen.storyboard in Resources */,
				BED8133E1C24EE6D0028F8B0 /* Assets.xcassets in Resources */,
				BED8133C1C24EE6D0028F8B0 /* Main.storyboard in Resources */,
			);
			runOnlyForDeploymentPostprocessing = 0;
		};
		BED813451C24EE6D0028F8B0 /* Resources */ = {
			isa = PBXResourcesBuildPhase;
			buildActionMask = 2147483647;
			files = (
			);
			runOnlyForDeploymentPostprocessing = 0;
		};
		BED813501C24EE6D0028F8B0 /* Resources */ = {
			isa = PBXResourcesBuildPhase;
			buildActionMask = 2147483647;
			files = (
			);
			runOnlyForDeploymentPostprocessing = 0;
		};
/* End PBXResourcesBuildPhase section */

/* Begin PBXShellScriptBuildPhase section */
		65A7382F9609EAB9BC8141AF /* Check Pods Manifest.lock */ = {
			isa = PBXShellScriptBuildPhase;
			buildActionMask = 2147483647;
			files = (
			);
			inputPaths = (
			);
			name = "Check Pods Manifest.lock";
			outputPaths = (
			);
			runOnlyForDeploymentPostprocessing = 0;
			shellPath = /bin/sh;
			shellScript = "diff \"${PODS_ROOT}/../Podfile.lock\" \"${PODS_ROOT}/Manifest.lock\" > /dev/null\nif [[ $? != 0 ]] ; then\n    cat << EOM\nerror: The sandbox is not in sync with the Podfile.lock. Run 'pod install' or update your CocoaPods installation.\nEOM\n    exit 1\nfi\n";
			showEnvVarsInLog = 0;
		};
		7349B0E92F145E5285F4D883 /* Copy Pods Resources */ = {
			isa = PBXShellScriptBuildPhase;
			buildActionMask = 2147483647;
			files = (
			);
			inputPaths = (
			);
			name = "Copy Pods Resources";
			outputPaths = (
			);
			runOnlyForDeploymentPostprocessing = 0;
			shellPath = /bin/sh;
			shellScript = "\"${SRCROOT}/Pods/Target Support Files/Pods/Pods-resources.sh\"\n";
			showEnvVarsInLog = 0;
		};
		B387C2D9CD9C145D1A071B36 /* Embed Pods Frameworks */ = {
			isa = PBXShellScriptBuildPhase;
			buildActionMask = 2147483647;
			files = (
			);
			inputPaths = (
			);
			name = "Embed Pods Frameworks";
			outputPaths = (
			);
			runOnlyForDeploymentPostprocessing = 0;
			shellPath = /bin/sh;
			shellScript = "\"${SRCROOT}/Pods/Target Support Files/Pods/Pods-frameworks.sh\"\n";
			showEnvVarsInLog = 0;
		};
/* End PBXShellScriptBuildPhase section */

/* Begin PBXSourcesBuildPhase section */
		BED8132D1C24EE6D0028F8B0 /* Sources */ = {
			isa = PBXSourcesBuildPhase;
			buildActionMask = 2147483647;
			files = (
				BEBA2A6F1C26A4E600F64F05 /* NSURL+Queries.swift in Sources */,
				BE3F45491C2A994500DD1863 /* Event.swift in Sources */,
				BED608231C2A597B0097F8CE /* GitHubAPI.swift in Sources */,
				BE989A311C24F61B00EF013F /* NewsTableViewController.swift in Sources */,
				BE3F45461C2A993400DD1863 /* Repo.swift in Sources */,
				BED813351C24EE6D0028F8B0 /* AppDelegate.swift in Sources */,
				BE39BA221C291BF40000A87F /* TabBarController.swift in Sources */,
				BEBA2A711C26AACB00F64F05 /* Constants.swift in Sources */,
				BE3F45441C2A992500DD1863 /* User.swift in Sources */,
			);
			runOnlyForDeploymentPostprocessing = 0;
		};
		BED813431C24EE6D0028F8B0 /* Sources */ = {
			isa = PBXSourcesBuildPhase;
			buildActionMask = 2147483647;
			files = (
				BED8134C1C24EE6D0028F8B0 /* StarCatTests.swift in Sources */,
			);
			runOnlyForDeploymentPostprocessing = 0;
		};
		BED8134E1C24EE6D0028F8B0 /* Sources */ = {
			isa = PBXSourcesBuildPhase;
			buildActionMask = 2147483647;
			files = (
				BED813571C24EE6D0028F8B0 /* StarCatUITests.swift in Sources */,
			);
			runOnlyForDeploymentPostprocessing = 0;
		};
/* End PBXSourcesBuildPhase section */

/* Begin PBXTargetDependency section */
		BED813491C24EE6D0028F8B0 /* PBXTargetDependency */ = {
			isa = PBXTargetDependency;
			target = BED813301C24EE6D0028F8B0 /* StarCat */;
			targetProxy = BED813481C24EE6D0028F8B0 /* PBXContainerItemProxy */;
		};
		BED813541C24EE6D0028F8B0 /* PBXTargetDependency */ = {
			isa = PBXTargetDependency;
			target = BED813301C24EE6D0028F8B0 /* StarCat */;
			targetProxy = BED813531C24EE6D0028F8B0 /* PBXContainerItemProxy */;
		};
/* End PBXTargetDependency section */

/* Begin PBXVariantGroup section */
		BED8133A1C24EE6D0028F8B0 /* Main.storyboard */ = {
			isa = PBXVariantGroup;
			children = (
				BED8133B1C24EE6D0028F8B0 /* Base */,
			);
			name = Main.storyboard;
			path = .;
			sourceTree = "<group>";
		};
		BED8133F1C24EE6D0028F8B0 /* LaunchScreen.storyboard */ = {
			isa = PBXVariantGroup;
			children = (
				BED813401C24EE6D0028F8B0 /* Base */,
			);
			name = LaunchScreen.storyboard;
			path = .;
			sourceTree = "<group>";
		};
/* End PBXVariantGroup section */

/* Begin XCBuildConfiguration section */
		BED813591C24EE6D0028F8B0 /* Debug */ = {
			isa = XCBuildConfiguration;
			buildSettings = {
				ALWAYS_SEARCH_USER_PATHS = NO;
				CLANG_CXX_LANGUAGE_STANDARD = "gnu++0x";
				CLANG_CXX_LIBRARY = "libc++";
				CLANG_ENABLE_MODULES = YES;
				CLANG_ENABLE_OBJC_ARC = YES;
				CLANG_WARN_BOOL_CONVERSION = YES;
				CLANG_WARN_CONSTANT_CONVERSION = YES;
				CLANG_WARN_DIRECT_OBJC_ISA_USAGE = YES_ERROR;
				CLANG_WARN_EMPTY_BODY = YES;
				CLANG_WARN_ENUM_CONVERSION = YES;
				CLANG_WARN_INT_CONVERSION = YES;
				CLANG_WARN_OBJC_ROOT_CLASS = YES_ERROR;
				CLANG_WARN_UNREACHABLE_CODE = YES;
				CLANG_WARN__DUPLICATE_METHOD_MATCH = YES;
				"CODE_SIGN_IDENTITY[sdk=iphoneos*]" = "iPhone Developer";
				COPY_PHASE_STRIP = NO;
				DEBUG_INFORMATION_FORMAT = dwarf;
				ENABLE_STRICT_OBJC_MSGSEND = YES;
				ENABLE_TESTABILITY = YES;
				GCC_C_LANGUAGE_STANDARD = gnu99;
				GCC_DYNAMIC_NO_PIC = NO;
				GCC_NO_COMMON_BLOCKS = YES;
				GCC_OPTIMIZATION_LEVEL = 0;
				GCC_PREPROCESSOR_DEFINITIONS = (
					"DEBUG=1",
					"$(inherited)",
				);
				GCC_WARN_64_TO_32_BIT_CONVERSION = YES;
				GCC_WARN_ABOUT_RETURN_TYPE = YES_ERROR;
				GCC_WARN_UNDECLARED_SELECTOR = YES;
				GCC_WARN_UNINITIALIZED_AUTOS = YES_AGGRESSIVE;
				GCC_WARN_UNUSED_FUNCTION = YES;
				GCC_WARN_UNUSED_VARIABLE = YES;
				IPHONEOS_DEPLOYMENT_TARGET = 9.2;
				MTL_ENABLE_DEBUG_INFO = YES;
				ONLY_ACTIVE_ARCH = YES;
				SDKROOT = iphoneos;
				SWIFT_OPTIMIZATION_LEVEL = "-Onone";
			};
			name = Debug;
		};
		BED8135A1C24EE6D0028F8B0 /* Release */ = {
			isa = XCBuildConfiguration;
			buildSettings = {
				ALWAYS_SEARCH_USER_PATHS = NO;
				CLANG_CXX_LANGUAGE_STANDARD = "gnu++0x";
				CLANG_CXX_LIBRARY = "libc++";
				CLANG_ENABLE_MODULES = YES;
				CLANG_ENABLE_OBJC_ARC = YES;
				CLANG_WARN_BOOL_CONVERSION = YES;
				CLANG_WARN_CONSTANT_CONVERSION = YES;
				CLANG_WARN_DIRECT_OBJC_ISA_USAGE = YES_ERROR;
				CLANG_WARN_EMPTY_BODY = YES;
				CLANG_WARN_ENUM_CONVERSION = YES;
				CLANG_WARN_INT_CONVERSION = YES;
				CLANG_WARN_OBJC_ROOT_CLASS = YES_ERROR;
				CLANG_WARN_UNREACHABLE_CODE = YES;
				CLANG_WARN__DUPLICATE_METHOD_MATCH = YES;
				"CODE_SIGN_IDENTITY[sdk=iphoneos*]" = "iPhone Developer";
				COPY_PHASE_STRIP = NO;
				DEBUG_INFORMATION_FORMAT = "dwarf-with-dsym";
				ENABLE_NS_ASSERTIONS = NO;
				ENABLE_STRICT_OBJC_MSGSEND = YES;
				GCC_C_LANGUAGE_STANDARD = gnu99;
				GCC_NO_COMMON_BLOCKS = YES;
				GCC_WARN_64_TO_32_BIT_CONVERSION = YES;
				GCC_WARN_ABOUT_RETURN_TYPE = YES_ERROR;
				GCC_WARN_UNDECLARED_SELECTOR = YES;
				GCC_WARN_UNINITIALIZED_AUTOS = YES_AGGRESSIVE;
				GCC_WARN_UNUSED_FUNCTION = YES;
				GCC_WARN_UNUSED_VARIABLE = YES;
				IPHONEOS_DEPLOYMENT_TARGET = 9.2;
				MTL_ENABLE_DEBUG_INFO = NO;
				SDKROOT = iphoneos;
				VALIDATE_PRODUCT = YES;
			};
			name = Release;
		};
		BED8135C1C24EE6D0028F8B0 /* Debug */ = {
			isa = XCBuildConfiguration;
			baseConfigurationReference = 45D4651B526DB97C5A7B6211 /* Pods.debug.xcconfig */;
			buildSettings = {
				ASSETCATALOG_COMPILER_APPICON_NAME = AppIcon;
				CODE_SIGN_IDENTITY = "iPhone Developer";
				"CODE_SIGN_IDENTITY[sdk=iphoneos*]" = "iPhone Developer";
				INFOPLIST_FILE = StarCat/Info.plist;
				LD_RUNPATH_SEARCH_PATHS = "$(inherited) @executable_path/Frameworks";
				PRODUCT_BUNDLE_IDENTIFIER = com.seanchas116.StarCat;
				PRODUCT_NAME = "$(TARGET_NAME)";
				PROVISIONING_PROFILE = "";
			};
			name = Debug;
		};
		BED8135D1C24EE6D0028F8B0 /* Release */ = {
			isa = XCBuildConfiguration;
			baseConfigurationReference = 0A959F1A7D8EB2EA20E7CDA3 /* Pods.release.xcconfig */;
			buildSettings = {
				ASSETCATALOG_COMPILER_APPICON_NAME = AppIcon;
				CODE_SIGN_IDENTITY = "iPhone Developer";
				"CODE_SIGN_IDENTITY[sdk=iphoneos*]" = "iPhone Developer";
				INFOPLIST_FILE = StarCat/Info.plist;
				LD_RUNPATH_SEARCH_PATHS = "$(inherited) @executable_path/Frameworks";
				PRODUCT_BUNDLE_IDENTIFIER = com.seanchas116.StarCat;
				PRODUCT_NAME = "$(TARGET_NAME)";
				PROVISIONING_PROFILE = "";
			};
			name = Release;
		};
		BED8135F1C24EE6D0028F8B0 /* Debug */ = {
			isa = XCBuildConfiguration;
			buildSettings = {
				BUNDLE_LOADER = "$(TEST_HOST)";
				INFOPLIST_FILE = StarCatTests/Info.plist;
				LD_RUNPATH_SEARCH_PATHS = "$(inherited) @executable_path/Frameworks @loader_path/Frameworks";
				PRODUCT_BUNDLE_IDENTIFIER = com.seanchas116.StarCatTests;
				PRODUCT_NAME = "$(TARGET_NAME)";
				TEST_HOST = "$(BUILT_PRODUCTS_DIR)/StarCat.app/StarCat";
			};
			name = Debug;
		};
		BED813601C24EE6D0028F8B0 /* Release */ = {
			isa = XCBuildConfiguration;
			buildSettings = {
				BUNDLE_LOADER = "$(TEST_HOST)";
				INFOPLIST_FILE = StarCatTests/Info.plist;
				LD_RUNPATH_SEARCH_PATHS = "$(inherited) @executable_path/Frameworks @loader_path/Frameworks";
				PRODUCT_BUNDLE_IDENTIFIER = com.seanchas116.StarCatTests;
				PRODUCT_NAME = "$(TARGET_NAME)";
				TEST_HOST = "$(BUILT_PRODUCTS_DIR)/StarCat.app/StarCat";
			};
			name = Release;
		};
		BED813621C24EE6D0028F8B0 /* Debug */ = {
			isa = XCBuildConfiguration;
			buildSettings = {
				INFOPLIST_FILE = StarCatUITests/Info.plist;
				LD_RUNPATH_SEARCH_PATHS = "$(inherited) @executable_path/Frameworks @loader_path/Frameworks";
				PRODUCT_BUNDLE_IDENTIFIER = com.seanchas116.StarCatUITests;
				PRODUCT_NAME = "$(TARGET_NAME)";
				TEST_TARGET_NAME = StarCat;
				USES_XCTRUNNER = YES;
			};
			name = Debug;
		};
		BED813631C24EE6D0028F8B0 /* Release */ = {
			isa = XCBuildConfiguration;
			buildSettings = {
				INFOPLIST_FILE = StarCatUITests/Info.plist;
				LD_RUNPATH_SEARCH_PATHS = "$(inherited) @executable_path/Frameworks @loader_path/Frameworks";
				PRODUCT_BUNDLE_IDENTIFIER = com.seanchas116.StarCatUITests;
				PRODUCT_NAME = "$(TARGET_NAME)";
				TEST_TARGET_NAME = StarCat;
				USES_XCTRUNNER = YES;
			};
			name = Release;
		};
/* End XCBuildConfiguration section */

/* Begin XCConfigurationList section */
		BED8132C1C24EE6D0028F8B0 /* Build configuration list for PBXProject "StarCat" */ = {
			isa = XCConfigurationList;
			buildConfigurations = (
				BED813591C24EE6D0028F8B0 /* Debug */,
				BED8135A1C24EE6D0028F8B0 /* Release */,
			);
			defaultConfigurationIsVisible = 0;
			defaultConfigurationName = Release;
		};
		BED8135B1C24EE6D0028F8B0 /* Build configuration list for PBXNativeTarget "StarCat" */ = {
			isa = XCConfigurationList;
			buildConfigurations = (
				BED8135C1C24EE6D0028F8B0 /* Debug */,
				BED8135D1C24EE6D0028F8B0 /* Release */,
			);
			defaultConfigurationIsVisible = 0;
			defaultConfigurationName = Release;
		};
		BED8135E1C24EE6D0028F8B0 /* Build configuration list for PBXNativeTarget "StarCatTests" */ = {
			isa = XCConfigurationList;
			buildConfigurations = (
				BED8135F1C24EE6D0028F8B0 /* Debug */,
				BED813601C24EE6D0028F8B0 /* Release */,
			);
			defaultConfigurationIsVisible = 0;
			defaultConfigurationName = Release;
		};
		BED813611C24EE6D0028F8B0 /* Build configuration list for PBXNativeTarget "StarCatUITests" */ = {
			isa = XCConfigurationList;
			buildConfigurations = (
				BED813621C24EE6D0028F8B0 /* Debug */,
				BED813631C24EE6D0028F8B0 /* Release */,
			);
			defaultConfigurationIsVisible = 0;
			defaultConfigurationName = Release;
		};
/* End XCConfigurationList section */
	};
	rootObject = BED813291C24EE6D0028F8B0 /* Project object */;
}
