// !$*UTF8*$!
{
	archiveVersion = 1;
	classes = {
	};
	objectVersion = 46;
	objects = {

/* Begin PBXBuildFile section */
		9F1AA334A1CC62E55B141A9F /* Pods.framework in Frameworks */ = {isa = PBXBuildFile; fileRef = 2D70162D3C8EADEC46ABB2C6 /* Pods.framework */; };
		B82F92F8310AD982A1D059A3 /* Pods_StarCatTests.framework in Frameworks */ = {isa = PBXBuildFile; fileRef = 6AFF0937B4597B61C83C3534 /* Pods_StarCatTests.framework */; };
		BE176E621C41EFF700E29E4F /* User.storyboard in Resources */ = {isa = PBXBuildFile; fileRef = BE176E611C41EFF700E29E4F /* User.storyboard */; };
		BE176E641C41F10200E29E4F /* UserViewController.swift in Sources */ = {isa = PBXBuildFile; fileRef = BE176E631C41F10200E29E4F /* UserViewController.swift */; };
		BE176E661C42010C00E29E4F /* UserViewModel.swift in Sources */ = {isa = PBXBuildFile; fileRef = BE176E651C42010C00E29E4F /* UserViewModel.swift */; };
		BE176E681C4201B400E29E4F /* User.swift in Sources */ = {isa = PBXBuildFile; fileRef = BE176E671C4201B400E29E4F /* User.swift */; };
		BE18EEE71C3A2BD900B92291 /* RoundButton.swift in Sources */ = {isa = PBXBuildFile; fileRef = BE18EEE61C3A2BD900B92291 /* RoundButton.swift */; };
		BE20D28D1C5CBA8B003C4926 /* Settings.storyboard in Resources */ = {isa = PBXBuildFile; fileRef = BE20D28C1C5CBA8B003C4926 /* Settings.storyboard */; };
		BE20D28F1C5CC9E6003C4926 /* SettingsViewController.swift in Sources */ = {isa = PBXBuildFile; fileRef = BE20D28E1C5CC9E6003C4926 /* SettingsViewController.swift */; };
		BE2CAF1D1C3C0AC800B51FBF /* github-markdown.css in Resources */ = {isa = PBXBuildFile; fileRef = BE2CAF1C1C3C0AC800B51FBF /* github-markdown.css */; };
		BE2CAF211C3C0CFE00B51FBF /* github-markdown-custom.css in Resources */ = {isa = PBXBuildFile; fileRef = BE2CAF201C3C0CFE00B51FBF /* github-markdown-custom.css */; };
		BE32404C1C57C8A200A9A87A /* QueryString.swift in Sources */ = {isa = PBXBuildFile; fileRef = BE32404B1C57C8A200A9A87A /* QueryString.swift */; };
		BE39BA221C291BF40000A87F /* TabBarController.swift in Sources */ = {isa = PBXBuildFile; fileRef = BE39BA211C291BF40000A87F /* TabBarController.swift */; };
		BE3F45441C2A992500DD1863 /* UserSummary.swift in Sources */ = {isa = PBXBuildFile; fileRef = BE3F45431C2A992500DD1863 /* UserSummary.swift */; };
		BE3F45461C2A993400DD1863 /* Repo.swift in Sources */ = {isa = PBXBuildFile; fileRef = BE3F45451C2A993400DD1863 /* Repo.swift */; };
		BE3F45491C2A994500DD1863 /* Event.swift in Sources */ = {isa = PBXBuildFile; fileRef = BE3F45481C2A994500DD1863 /* Event.swift */; };
		BE3FCD791C3D74F4008A9B32 /* NSDate.swift in Sources */ = {isa = PBXBuildFile; fileRef = BE3FCD781C3D74F4008A9B32 /* NSDate.swift */; };
		BE46B0041C38281400C8242C /* RepoViewController.swift in Sources */ = {isa = PBXBuildFile; fileRef = BE46B0031C38281400C8242C /* RepoViewController.swift */; };
		BE47078B1C49EAA00069DA6F /* WebViewPopup.swift in Sources */ = {isa = PBXBuildFile; fileRef = BE47078A1C49EAA00069DA6F /* WebViewPopup.swift */; };
		BE47078F1C4A152D0069DA6F /* Organization.storyboard in Resources */ = {isa = PBXBuildFile; fileRef = BE47078E1C4A152D0069DA6F /* Organization.storyboard */; };
		BE4707911C4A198F0069DA6F /* OrganizationViewController.swift in Sources */ = {isa = PBXBuildFile; fileRef = BE4707901C4A198F0069DA6F /* OrganizationViewController.swift */; };
		BE4707931C4A2F640069DA6F /* UINavigationController+storyboard.swift in Sources */ = {isa = PBXBuildFile; fileRef = BE4707921C4A2F640069DA6F /* UINavigationController+storyboard.swift */; };
		BE4707951C4A45680069DA6F /* SearchViewController.swift in Sources */ = {isa = PBXBuildFile; fileRef = BE4707941C4A45680069DA6F /* SearchViewController.swift */; };
		BE4707971C4B47370069DA6F /* RepoTableViewController.swift in Sources */ = {isa = PBXBuildFile; fileRef = BE4707961C4B47370069DA6F /* RepoTableViewController.swift */; };
		BE4707991C4B64B10069DA6F /* SearchViewModel.swift in Sources */ = {isa = PBXBuildFile; fileRef = BE4707981C4B64B10069DA6F /* SearchViewModel.swift */; };
		BE4E4EE61C46A39C009FCBE8 /* ModelCache.swift in Sources */ = {isa = PBXBuildFile; fileRef = BE4E4EE51C46A39C009FCBE8 /* ModelCache.swift */; };
		BE546A651C4E30B500C71C0A /* Link.swift in Sources */ = {isa = PBXBuildFile; fileRef = BE546A641C4E30B500C71C0A /* Link.swift */; };
		BE561EF61C5926AE0097D58E /* LoginButtonViewController.swift in Sources */ = {isa = PBXBuildFile; fileRef = BE561EF51C5926AE0097D58E /* LoginButtonViewController.swift */; };
		BE561EF91C5929E50097D58E /* LoginButton.storyboard in Resources */ = {isa = PBXBuildFile; fileRef = BE561EF71C5929E50097D58E /* LoginButton.storyboard */; };
		BE57ACC31C53D03700305A54 /* utilSpec.swift in Sources */ = {isa = PBXBuildFile; fileRef = BE57ACC21C53D03700305A54 /* utilSpec.swift */; };
		BE57ACC51C53D6E600305A54 /* StringUtils.swift in Sources */ = {isa = PBXBuildFile; fileRef = BE57ACC41C53D6E600305A54 /* StringUtils.swift */; };
		BE598C251C4C8CC300E1A884 /* ColorizedImageView.swift in Sources */ = {isa = PBXBuildFile; fileRef = BE598C241C4C8CC300E1A884 /* ColorizedImageView.swift */; };
		BE699B941C59C34A004A9E7D /* AccessToken.swift in Sources */ = {isa = PBXBuildFile; fileRef = BE699B931C59C34A004A9E7D /* AccessToken.swift */; };
		BE8C23191C452D8E00691005 /* UITableView+scrollToTop.swift in Sources */ = {isa = PBXBuildFile; fileRef = BE8C23181C452D8E00691005 /* UITableView+scrollToTop.swift */; };
		BE8C231B1C45E15E00691005 /* TableViewPaginator.swift in Sources */ = {isa = PBXBuildFile; fileRef = BE8C231A1C45E15E00691005 /* TableViewPaginator.swift */; };
		BE9A484D1C36234B00406DA6 /* NewsTableViewController.swift in Sources */ = {isa = PBXBuildFile; fileRef = BE9A484C1C36234B00406DA6 /* NewsTableViewController.swift */; };
		BEB1B9AB1C414B4400A730A0 /* Repo.storyboard in Resources */ = {isa = PBXBuildFile; fileRef = BEB1B9AA1C414B4400A730A0 /* Repo.storyboard */; };
		BEB680791C3F9BD6007B2E08 /* ReadmeTextView.swift in Sources */ = {isa = PBXBuildFile; fileRef = BEB680781C3F9BD6007B2E08 /* ReadmeTextView.swift */; };
		BEB7705C1C476FC40000E9A8 /* Pagination.swift in Sources */ = {isa = PBXBuildFile; fileRef = BEB7705B1C476FC40000E9A8 /* Pagination.swift */; };
		BEBA2A711C26AACB00F64F05 /* Constants.swift in Sources */ = {isa = PBXBuildFile; fileRef = BEBA2A701C26AACB00F64F05 /* Constants.swift */; };
		BEC803D01C51F80C00594AA4 /* LinkSpec.swift in Sources */ = {isa = PBXBuildFile; fileRef = BEC803CF1C51F80C00594AA4 /* LinkSpec.swift */; };
		BED172F91C3E23E000C5A247 /* AppViewModel.swift in Sources */ = {isa = PBXBuildFile; fileRef = BED172F81C3E23E000C5A247 /* AppViewModel.swift */; };
		BED813351C24EE6D0028F8B0 /* AppDelegate.swift in Sources */ = {isa = PBXBuildFile; fileRef = BED813341C24EE6D0028F8B0 /* AppDelegate.swift */; };
		BED8133C1C24EE6D0028F8B0 /* Main.storyboard in Resources */ = {isa = PBXBuildFile; fileRef = BED8133A1C24EE6D0028F8B0 /* Main.storyboard */; };
		BED8133E1C24EE6D0028F8B0 /* Assets.xcassets in Resources */ = {isa = PBXBuildFile; fileRef = BED8133D1C24EE6D0028F8B0 /* Assets.xcassets */; };
		BED813411C24EE6D0028F8B0 /* LaunchScreen.storyboard in Resources */ = {isa = PBXBuildFile; fileRef = BED8133F1C24EE6D0028F8B0 /* LaunchScreen.storyboard */; };
		BED8134C1C24EE6D0028F8B0 /* StarCatSpec.swift in Sources */ = {isa = PBXBuildFile; fileRef = BED8134B1C24EE6D0028F8B0 /* StarCatSpec.swift */; };
		BED813571C24EE6D0028F8B0 /* StarCatUITests.swift in Sources */ = {isa = PBXBuildFile; fileRef = BED813561C24EE6D0028F8B0 /* StarCatUITests.swift */; };
		BEE0C0AC1C33EF1A0014986D /* RepoCell.swift in Sources */ = {isa = PBXBuildFile; fileRef = BEE0C0AA1C33EF1A0014986D /* RepoCell.swift */; };
		BEE0C0AD1C33EF1A0014986D /* RepoCell.xib in Resources */ = {isa = PBXBuildFile; fileRef = BEE0C0AB1C33EF1A0014986D /* RepoCell.xib */; };
		BEE0C0B21C3408F80014986D /* PromiseResults.swift in Sources */ = {isa = PBXBuildFile; fileRef = BEE0C0B11C3408F80014986D /* PromiseResults.swift */; };
		BEF289551C429D9000F50A2A /* UILabel+Tap.swift in Sources */ = {isa = PBXBuildFile; fileRef = BEF289541C429D9000F50A2A /* UILabel+Tap.swift */; };
		BEF590801C3A940600633417 /* RoundButtonBorder.swift in Sources */ = {isa = PBXBuildFile; fileRef = BEF5907F1C3A940600633417 /* RoundButtonBorder.swift */; };
		BEF605131C3023F70014D633 /* NewsTabViewModel.swift in Sources */ = {isa = PBXBuildFile; fileRef = BEF605121C3023F70014D633 /* NewsTabViewModel.swift */; };
		BEF605171C3034820014D633 /* RepoViewModel.swift in Sources */ = {isa = PBXBuildFile; fileRef = BEF605161C3034820014D633 /* RepoViewModel.swift */; };
		BEF605191C30FCBB0014D633 /* RepoSummary.swift in Sources */ = {isa = PBXBuildFile; fileRef = BEF605181C30FCBB0014D633 /* RepoSummary.swift */; };
		BEF6051C1C3113F30014D633 /* Decoding.swift in Sources */ = {isa = PBXBuildFile; fileRef = BEF6051B1C3113F30014D633 /* Decoding.swift */; };
		BEF6051E1C3114220014D633 /* Requests.swift in Sources */ = {isa = PBXBuildFile; fileRef = BEF6051D1C3114220014D633 /* Requests.swift */; };
		BEF605221C3116950014D633 /* Authentication.swift in Sources */ = {isa = PBXBuildFile; fileRef = BEF605211C3116950014D633 /* Authentication.swift */; };
/* End PBXBuildFile section */

/* Begin PBXContainerItemProxy section */
		BED813481C24EE6D0028F8B0 /* PBXContainerItemProxy */ = {
			isa = PBXContainerItemProxy;
			containerPortal = BED813291C24EE6D0028F8B0 /* Project object */;
			proxyType = 1;
			remoteGlobalIDString = BED813301C24EE6D0028F8B0;
			remoteInfo = StarCat;
		};
		BED813531C24EE6D0028F8B0 /* PBXContainerItemProxy */ = {
			isa = PBXContainerItemProxy;
			containerPortal = BED813291C24EE6D0028F8B0 /* Project object */;
			proxyType = 1;
			remoteGlobalIDString = BED813301C24EE6D0028F8B0;
			remoteInfo = StarCat;
		};
/* End PBXContainerItemProxy section */

/* Begin PBXFileReference section */
		0A959F1A7D8EB2EA20E7CDA3 /* Pods.release.xcconfig */ = {isa = PBXFileReference; includeInIndex = 1; lastKnownFileType = text.xcconfig; name = Pods.release.xcconfig; path = "Pods/Target Support Files/Pods/Pods.release.xcconfig"; sourceTree = "<group>"; };
		2D70162D3C8EADEC46ABB2C6 /* Pods.framework */ = {isa = PBXFileReference; explicitFileType = wrapper.framework; includeInIndex = 0; path = Pods.framework; sourceTree = BUILT_PRODUCTS_DIR; };
		2E9682EF13E906144BCAB7AF /* Pods-StarCatTests.debug.xcconfig */ = {isa = PBXFileReference; includeInIndex = 1; lastKnownFileType = text.xcconfig; name = "Pods-StarCatTests.debug.xcconfig"; path = "Pods/Target Support Files/Pods-StarCatTests/Pods-StarCatTests.debug.xcconfig"; sourceTree = "<group>"; };
		45D4651B526DB97C5A7B6211 /* Pods.debug.xcconfig */ = {isa = PBXFileReference; includeInIndex = 1; lastKnownFileType = text.xcconfig; name = Pods.debug.xcconfig; path = "Pods/Target Support Files/Pods/Pods.debug.xcconfig"; sourceTree = "<group>"; };
		6AFF0937B4597B61C83C3534 /* Pods_StarCatTests.framework */ = {isa = PBXFileReference; explicitFileType = wrapper.framework; includeInIndex = 0; path = Pods_StarCatTests.framework; sourceTree = BUILT_PRODUCTS_DIR; };
		893BAF14B24F6622A083F21C /* Pods-StarCatTests.release.xcconfig */ = {isa = PBXFileReference; includeInIndex = 1; lastKnownFileType = text.xcconfig; name = "Pods-StarCatTests.release.xcconfig"; path = "Pods/Target Support Files/Pods-StarCatTests/Pods-StarCatTests.release.xcconfig"; sourceTree = "<group>"; };
		BE176E611C41EFF700E29E4F /* User.storyboard */ = {isa = PBXFileReference; fileEncoding = 4; lastKnownFileType = file.storyboard; path = User.storyboard; sourceTree = "<group>"; };
		BE176E631C41F10200E29E4F /* UserViewController.swift */ = {isa = PBXFileReference; fileEncoding = 4; lastKnownFileType = sourcecode.swift; path = UserViewController.swift; sourceTree = "<group>"; };
		BE176E651C42010C00E29E4F /* UserViewModel.swift */ = {isa = PBXFileReference; fileEncoding = 4; lastKnownFileType = sourcecode.swift; path = UserViewModel.swift; sourceTree = "<group>"; };
		BE176E671C4201B400E29E4F /* User.swift */ = {isa = PBXFileReference; fileEncoding = 4; lastKnownFileType = sourcecode.swift; path = User.swift; sourceTree = "<group>"; };
		BE18EEE61C3A2BD900B92291 /* RoundButton.swift */ = {isa = PBXFileReference; fileEncoding = 4; lastKnownFileType = sourcecode.swift; path = RoundButton.swift; sourceTree = "<group>"; };
		BE20D28C1C5CBA8B003C4926 /* Settings.storyboard */ = {isa = PBXFileReference; fileEncoding = 4; lastKnownFileType = file.storyboard; path = Settings.storyboard; sourceTree = "<group>"; };
		BE20D28E1C5CC9E6003C4926 /* SettingsViewController.swift */ = {isa = PBXFileReference; fileEncoding = 4; lastKnownFileType = sourcecode.swift; path = SettingsViewController.swift; sourceTree = "<group>"; };
		BE2CAF1C1C3C0AC800B51FBF /* github-markdown.css */ = {isa = PBXFileReference; fileEncoding = 4; lastKnownFileType = text.css; name = "github-markdown.css"; path = "node_modules/github-markdown-css/github-markdown.css"; sourceTree = SOURCE_ROOT; };
		BE2CAF201C3C0CFE00B51FBF /* github-markdown-custom.css */ = {isa = PBXFileReference; fileEncoding = 4; lastKnownFileType = text.css; path = "github-markdown-custom.css"; sourceTree = "<group>"; };
		BE32404B1C57C8A200A9A87A /* QueryString.swift */ = {isa = PBXFileReference; fileEncoding = 4; lastKnownFileType = sourcecode.swift; path = QueryString.swift; sourceTree = "<group>"; };
		BE39BA211C291BF40000A87F /* TabBarController.swift */ = {isa = PBXFileReference; fileEncoding = 4; lastKnownFileType = sourcecode.swift; path = TabBarController.swift; sourceTree = "<group>"; };
		BE3F45431C2A992500DD1863 /* UserSummary.swift */ = {isa = PBXFileReference; fileEncoding = 4; lastKnownFileType = sourcecode.swift; path = UserSummary.swift; sourceTree = "<group>"; };
		BE3F45451C2A993400DD1863 /* Repo.swift */ = {isa = PBXFileReference; fileEncoding = 4; lastKnownFileType = sourcecode.swift; path = Repo.swift; sourceTree = "<group>"; };
		BE3F45481C2A994500DD1863 /* Event.swift */ = {isa = PBXFileReference; fileEncoding = 4; lastKnownFileType = sourcecode.swift; path = Event.swift; sourceTree = "<group>"; };
		BE3FCD781C3D74F4008A9B32 /* NSDate.swift */ = {isa = PBXFileReference; fileEncoding = 4; lastKnownFileType = sourcecode.swift; path = NSDate.swift; sourceTree = "<group>"; };
		BE46B0031C38281400C8242C /* RepoViewController.swift */ = {isa = PBXFileReference; fileEncoding = 4; lastKnownFileType = sourcecode.swift; path = RepoViewController.swift; sourceTree = "<group>"; };
		BE47078A1C49EAA00069DA6F /* WebViewPopup.swift */ = {isa = PBXFileReference; fileEncoding = 4; lastKnownFileType = sourcecode.swift; path = WebViewPopup.swift; sourceTree = "<group>"; };
		BE47078E1C4A152D0069DA6F /* Organization.storyboard */ = {isa = PBXFileReference; fileEncoding = 4; lastKnownFileType = file.storyboard; path = Organization.storyboard; sourceTree = "<group>"; };
		BE4707901C4A198F0069DA6F /* OrganizationViewController.swift */ = {isa = PBXFileReference; fileEncoding = 4; lastKnownFileType = sourcecode.swift; path = OrganizationViewController.swift; sourceTree = "<group>"; };
		BE4707921C4A2F640069DA6F /* UINavigationController+storyboard.swift */ = {isa = PBXFileReference; fileEncoding = 4; lastKnownFileType = sourcecode.swift; path = "UINavigationController+storyboard.swift"; sourceTree = "<group>"; };
		BE4707941C4A45680069DA6F /* SearchViewController.swift */ = {isa = PBXFileReference; fileEncoding = 4; lastKnownFileType = sourcecode.swift; path = SearchViewController.swift; sourceTree = "<group>"; };
		BE4707961C4B47370069DA6F /* RepoTableViewController.swift */ = {isa = PBXFileReference; fileEncoding = 4; lastKnownFileType = sourcecode.swift; path = RepoTableViewController.swift; sourceTree = "<group>"; };
		BE4707981C4B64B10069DA6F /* SearchViewModel.swift */ = {isa = PBXFileReference; fileEncoding = 4; lastKnownFileType = sourcecode.swift; path = SearchViewModel.swift; sourceTree = "<group>"; };
		BE4E4EE51C46A39C009FCBE8 /* ModelCache.swift */ = {isa = PBXFileReference; fileEncoding = 4; lastKnownFileType = sourcecode.swift; path = ModelCache.swift; sourceTree = "<group>"; };
		BE546A641C4E30B500C71C0A /* Link.swift */ = {isa = PBXFileReference; fileEncoding = 4; lastKnownFileType = sourcecode.swift; path = Link.swift; sourceTree = "<group>"; };
		BE561EF51C5926AE0097D58E /* LoginButtonViewController.swift */ = {isa = PBXFileReference; fileEncoding = 4; lastKnownFileType = sourcecode.swift; path = LoginButtonViewController.swift; sourceTree = "<group>"; };
		BE561EF81C5929E50097D58E /* Base */ = {isa = PBXFileReference; lastKnownFileType = file.storyboard; name = Base; path = Base.lproj/LoginButton.storyboard; sourceTree = "<group>"; };
		BE57ACC21C53D03700305A54 /* utilSpec.swift */ = {isa = PBXFileReference; fileEncoding = 4; lastKnownFileType = sourcecode.swift; path = utilSpec.swift; sourceTree = "<group>"; };
		BE57ACC41C53D6E600305A54 /* StringUtils.swift */ = {isa = PBXFileReference; fileEncoding = 4; lastKnownFileType = sourcecode.swift; path = StringUtils.swift; sourceTree = "<group>"; };
		BE598C241C4C8CC300E1A884 /* ColorizedImageView.swift */ = {isa = PBXFileReference; fileEncoding = 4; lastKnownFileType = sourcecode.swift; path = ColorizedImageView.swift; sourceTree = "<group>"; };
		BE699B931C59C34A004A9E7D /* AccessToken.swift */ = {isa = PBXFileReference; fileEncoding = 4; lastKnownFileType = sourcecode.swift; path = AccessToken.swift; sourceTree = "<group>"; };
		BE8C23181C452D8E00691005 /* UITableView+scrollToTop.swift */ = {isa = PBXFileReference; fileEncoding = 4; lastKnownFileType = sourcecode.swift; path = "UITableView+scrollToTop.swift"; sourceTree = "<group>"; };
		BE8C231A1C45E15E00691005 /* TableViewPaginator.swift */ = {isa = PBXFileReference; fileEncoding = 4; lastKnownFileType = sourcecode.swift; path = TableViewPaginator.swift; sourceTree = "<group>"; };
		BE9A484C1C36234B00406DA6 /* NewsTableViewController.swift */ = {isa = PBXFileReference; fileEncoding = 4; lastKnownFileType = sourcecode.swift; path = NewsTableViewController.swift; sourceTree = "<group>"; };
		BEB1B9AA1C414B4400A730A0 /* Repo.storyboard */ = {isa = PBXFileReference; fileEncoding = 4; lastKnownFileType = file.storyboard; path = Repo.storyboard; sourceTree = "<group>"; };
		BEB680781C3F9BD6007B2E08 /* ReadmeTextView.swift */ = {isa = PBXFileReference; fileEncoding = 4; lastKnownFileType = sourcecode.swift; path = ReadmeTextView.swift; sourceTree = "<group>"; };
		BEB7705B1C476FC40000E9A8 /* Pagination.swift */ = {isa = PBXFileReference; fileEncoding = 4; lastKnownFileType = sourcecode.swift; path = Pagination.swift; sourceTree = "<group>"; };
		BEBA2A701C26AACB00F64F05 /* Constants.swift */ = {isa = PBXFileReference; fileEncoding = 4; lastKnownFileType = sourcecode.swift; path = Constants.swift; sourceTree = "<group>"; };
		BEC803CF1C51F80C00594AA4 /* LinkSpec.swift */ = {isa = PBXFileReference; fileEncoding = 4; lastKnownFileType = sourcecode.swift; path = LinkSpec.swift; sourceTree = "<group>"; };
		BED172F81C3E23E000C5A247 /* AppViewModel.swift */ = {isa = PBXFileReference; fileEncoding = 4; lastKnownFileType = sourcecode.swift; path = AppViewModel.swift; sourceTree = "<group>"; };
		BED813311C24EE6D0028F8B0 /* StarCat.app */ = {isa = PBXFileReference; explicitFileType = wrapper.application; includeInIndex = 0; path = StarCat.app; sourceTree = BUILT_PRODUCTS_DIR; };
		BED813341C24EE6D0028F8B0 /* AppDelegate.swift */ = {isa = PBXFileReference; lastKnownFileType = sourcecode.swift; path = AppDelegate.swift; sourceTree = "<group>"; };
		BED8133B1C24EE6D0028F8B0 /* Base */ = {isa = PBXFileReference; lastKnownFileType = file.storyboard; name = Base; path = Base.lproj/Main.storyboard; sourceTree = "<group>"; };
		BED8133D1C24EE6D0028F8B0 /* Assets.xcassets */ = {isa = PBXFileReference; lastKnownFileType = folder.assetcatalog; path = Assets.xcassets; sourceTree = "<group>"; };
		BED813401C24EE6D0028F8B0 /* Base */ = {isa = PBXFileReference; lastKnownFileType = file.storyboard; name = Base; path = Base.lproj/LaunchScreen.storyboard; sourceTree = "<group>"; };
		BED813421C24EE6D0028F8B0 /* Info.plist */ = {isa = PBXFileReference; lastKnownFileType = text.plist.xml; path = Info.plist; sourceTree = "<group>"; };
		BED813471C24EE6D0028F8B0 /* StarCatTests.xctest */ = {isa = PBXFileReference; explicitFileType = wrapper.cfbundle; includeInIndex = 0; path = StarCatTests.xctest; sourceTree = BUILT_PRODUCTS_DIR; };
		BED8134B1C24EE6D0028F8B0 /* StarCatSpec.swift */ = {isa = PBXFileReference; lastKnownFileType = sourcecode.swift; path = StarCatSpec.swift; sourceTree = "<group>"; };
		BED8134D1C24EE6D0028F8B0 /* Info.plist */ = {isa = PBXFileReference; lastKnownFileType = text.plist.xml; path = Info.plist; sourceTree = "<group>"; };
		BED813521C24EE6D0028F8B0 /* StarCatUITests.xctest */ = {isa = PBXFileReference; explicitFileType = wrapper.cfbundle; includeInIndex = 0; path = StarCatUITests.xctest; sourceTree = BUILT_PRODUCTS_DIR; };
		BED813561C24EE6D0028F8B0 /* StarCatUITests.swift */ = {isa = PBXFileReference; lastKnownFileType = sourcecode.swift; path = StarCatUITests.swift; sourceTree = "<group>"; };
		BED813581C24EE6D0028F8B0 /* Info.plist */ = {isa = PBXFileReference; lastKnownFileType = text.plist.xml; path = Info.plist; sourceTree = "<group>"; };
		BEE0C0AA1C33EF1A0014986D /* RepoCell.swift */ = {isa = PBXFileReference; fileEncoding = 4; lastKnownFileType = sourcecode.swift; path = RepoCell.swift; sourceTree = "<group>"; };
		BEE0C0AB1C33EF1A0014986D /* RepoCell.xib */ = {isa = PBXFileReference; fileEncoding = 4; lastKnownFileType = file.xib; path = RepoCell.xib; sourceTree = "<group>"; };
		BEE0C0B11C3408F80014986D /* PromiseResults.swift */ = {isa = PBXFileReference; fileEncoding = 4; lastKnownFileType = sourcecode.swift; path = PromiseResults.swift; sourceTree = "<group>"; };
		BEF289541C429D9000F50A2A /* UILabel+Tap.swift */ = {isa = PBXFileReference; fileEncoding = 4; lastKnownFileType = sourcecode.swift; path = "UILabel+Tap.swift"; sourceTree = "<group>"; };
		BEF5907F1C3A940600633417 /* RoundButtonBorder.swift */ = {isa = PBXFileReference; fileEncoding = 4; lastKnownFileType = sourcecode.swift; path = RoundButtonBorder.swift; sourceTree = "<group>"; };
		BEF605121C3023F70014D633 /* NewsTabViewModel.swift */ = {isa = PBXFileReference; fileEncoding = 4; lastKnownFileType = sourcecode.swift; path = NewsTabViewModel.swift; sourceTree = "<group>"; };
		BEF605161C3034820014D633 /* RepoViewModel.swift */ = {isa = PBXFileReference; fileEncoding = 4; lastKnownFileType = sourcecode.swift; path = RepoViewModel.swift; sourceTree = "<group>"; };
		BEF605181C30FCBB0014D633 /* RepoSummary.swift */ = {isa = PBXFileReference; fileEncoding = 4; lastKnownFileType = sourcecode.swift; path = RepoSummary.swift; sourceTree = "<group>"; };
		BEF6051B1C3113F30014D633 /* Decoding.swift */ = {isa = PBXFileReference; fileEncoding = 4; lastKnownFileType = sourcecode.swift; path = Decoding.swift; sourceTree = "<group>"; };
		BEF6051D1C3114220014D633 /* Requests.swift */ = {isa = PBXFileReference; fileEncoding = 4; lastKnownFileType = sourcecode.swift; path = Requests.swift; sourceTree = "<group>"; };
		BEF605211C3116950014D633 /* Authentication.swift */ = {isa = PBXFileReference; fileEncoding = 4; lastKnownFileType = sourcecode.swift; path = Authentication.swift; sourceTree = "<group>"; };
/* End PBXFileReference section */

/* Begin PBXFrameworksBuildPhase section */
		BED8132E1C24EE6D0028F8B0 /* Frameworks */ = {
			isa = PBXFrameworksBuildPhase;
			buildActionMask = 2147483647;
			files = (
				9F1AA334A1CC62E55B141A9F /* Pods.framework in Frameworks */,
			);
			runOnlyForDeploymentPostprocessing = 0;
		};
		BED813441C24EE6D0028F8B0 /* Frameworks */ = {
			isa = PBXFrameworksBuildPhase;
			buildActionMask = 2147483647;
			files = (
				B82F92F8310AD982A1D059A3 /* Pods_StarCatTests.framework in Frameworks */,
			);
			runOnlyForDeploymentPostprocessing = 0;
		};
		BED8134F1C24EE6D0028F8B0 /* Frameworks */ = {
			isa = PBXFrameworksBuildPhase;
			buildActionMask = 2147483647;
			files = (
			);
			runOnlyForDeploymentPostprocessing = 0;
		};
/* End PBXFrameworksBuildPhase section */

/* Begin PBXGroup section */
		2060859843867025B484F1E3 /* Frameworks */ = {
			isa = PBXGroup;
			children = (
				2D70162D3C8EADEC46ABB2C6 /* Pods.framework */,
				6AFF0937B4597B61C83C3534 /* Pods_StarCatTests.framework */,
			);
			name = Frameworks;
			sourceTree = "<group>";
		};
		7D4B06B873C4F768014DF1DB /* Pods */ = {
			isa = PBXGroup;
			children = (
				45D4651B526DB97C5A7B6211 /* Pods.debug.xcconfig */,
				0A959F1A7D8EB2EA20E7CDA3 /* Pods.release.xcconfig */,
				2E9682EF13E906144BCAB7AF /* Pods-StarCatTests.debug.xcconfig */,
				893BAF14B24F6622A083F21C /* Pods-StarCatTests.release.xcconfig */,
			);
			name = Pods;
			sourceTree = "<group>";
		};
		BE2CAF191C3C087100B51FBF /* Vendor Files */ = {
			isa = PBXGroup;
			children = (
				BE2CAF1C1C3C0AC800B51FBF /* github-markdown.css */,
			);
			name = "Vendor Files";
			sourceTree = "<group>";
		};
		BE2CAF1E1C3C0C5400B51FBF /* Sources */ = {
			isa = PBXGroup;
			children = (
				BE57ACBE1C53CE5600305A54 /* Utils */,
				BE3F45421C2A991B00DD1863 /* Models */,
				BE3F45411C2A990700DD1863 /* Services */,
				BEE0C0AE1C3408A00014986D /* Utilities */,
				BE3F45401C2A98FC00DD1863 /* ViewControllers */,
				BEF605111C30239E0014D633 /* ViewModels */,
				BE8C23171C452D4500691005 /* ViewUtils */,
				BEE0C0A41C33E0210014986D /* Views */,
				BED813341C24EE6D0028F8B0 /* AppDelegate.swift */,
				BEBA2A701C26AACB00F64F05 /* Constants.swift */,
				BED8133F1C24EE6D0028F8B0 /* LaunchScreen.storyboard */,
				BED8133A1C24EE6D0028F8B0 /* Main.storyboard */,
				BE561EF71C5929E50097D58E /* LoginButton.storyboard */,
				BE47078E1C4A152D0069DA6F /* Organization.storyboard */,
				BEB1B9AA1C414B4400A730A0 /* Repo.storyboard */,
				BE176E611C41EFF700E29E4F /* User.storyboard */,
				BE20D28C1C5CBA8B003C4926 /* Settings.storyboard */,
			);
			path = Sources;
			sourceTree = "<group>";
		};
		BE2CAF1F1C3C0CE600B51FBF /* Support Files */ = {
			isa = PBXGroup;
			children = (
				BE2CAF201C3C0CFE00B51FBF /* github-markdown-custom.css */,
			);
			path = "Support Files";
			sourceTree = "<group>";
		};
		BE3F45401C2A98FC00DD1863 /* ViewControllers */ = {
			isa = PBXGroup;
			children = (
				BE9A484C1C36234B00406DA6 /* NewsTableViewController.swift */,
				BE4707901C4A198F0069DA6F /* OrganizationViewController.swift */,
				BE4707961C4B47370069DA6F /* RepoTableViewController.swift */,
				BE46B0031C38281400C8242C /* RepoViewController.swift */,
				BE4707941C4A45680069DA6F /* SearchViewController.swift */,
				BE39BA211C291BF40000A87F /* TabBarController.swift */,
				BE176E631C41F10200E29E4F /* UserViewController.swift */,
				BE561EF51C5926AE0097D58E /* LoginButtonViewController.swift */,
				BE20D28E1C5CC9E6003C4926 /* SettingsViewController.swift */,
			);
			path = ViewControllers;
			sourceTree = "<group>";
		};
		BE3F45411C2A990700DD1863 /* Services */ = {
			isa = PBXGroup;
			children = (
				BEF6051A1C3113DF0014D633 /* GitHubAPI */,
				BE4E4EE51C46A39C009FCBE8 /* ModelCache.swift */,
				BEB7705B1C476FC40000E9A8 /* Pagination.swift */,
			);
			path = Services;
			sourceTree = "<group>";
		};
		BE3F45421C2A991B00DD1863 /* Models */ = {
			isa = PBXGroup;
			children = (
				BE3F45481C2A994500DD1863 /* Event.swift */,
				BE546A641C4E30B500C71C0A /* Link.swift */,
				BE3F45451C2A993400DD1863 /* Repo.swift */,
				BEF605181C30FCBB0014D633 /* RepoSummary.swift */,
				BE176E671C4201B400E29E4F /* User.swift */,
				BE3F45431C2A992500DD1863 /* UserSummary.swift */,
				BE699B931C59C34A004A9E7D /* AccessToken.swift */,
			);
			path = Models;
			sourceTree = "<group>";
		};
		BE57ACBE1C53CE5600305A54 /* Utils */ = {
			isa = PBXGroup;
			children = (
				BE57ACC41C53D6E600305A54 /* StringUtils.swift */,
				BE32404B1C57C8A200A9A87A /* QueryString.swift */,
			);
			name = Utils;
			sourceTree = "<group>";
		};
		BE57ACC11C53D02B00305A54 /* Utils */ = {
			isa = PBXGroup;
			children = (
				BE57ACC21C53D03700305A54 /* utilSpec.swift */,
			);
			name = Utils;
			sourceTree = "<group>";
		};
		BE8C23171C452D4500691005 /* ViewUtils */ = {
			isa = PBXGroup;
			children = (
				BE8C231A1C45E15E00691005 /* TableViewPaginator.swift */,
				BEF289541C429D9000F50A2A /* UILabel+Tap.swift */,
				BE4707921C4A2F640069DA6F /* UINavigationController+storyboard.swift */,
				BE8C23181C452D8E00691005 /* UITableView+scrollToTop.swift */,
				BE47078A1C49EAA00069DA6F /* WebViewPopup.swift */,
			);
			path = ViewUtils;
			sourceTree = "<group>";
		};
		BEC803CE1C51F7E200594AA4 /* Models */ = {
			isa = PBXGroup;
			children = (
				BEC803CF1C51F80C00594AA4 /* LinkSpec.swift */,
			);
			path = Models;
			sourceTree = "<group>";
		};
		BED813281C24EE6D0028F8B0 = {
			isa = PBXGroup;
			children = (
				2060859843867025B484F1E3 /* Frameworks */,
				7D4B06B873C4F768014DF1DB /* Pods */,
				BED813321C24EE6D0028F8B0 /* Products */,
				BED813331C24EE6D0028F8B0 /* StarCat */,
				BED8134A1C24EE6D0028F8B0 /* StarCatTests */,
				BED813551C24EE6D0028F8B0 /* StarCatUITests */,
			);
			sourceTree = "<group>";
		};
		BED813321C24EE6D0028F8B0 /* Products */ = {
			isa = PBXGroup;
			children = (
				BED813311C24EE6D0028F8B0 /* StarCat.app */,
				BED813471C24EE6D0028F8B0 /* StarCatTests.xctest */,
				BED813521C24EE6D0028F8B0 /* StarCatUITests.xctest */,
			);
			name = Products;
			sourceTree = "<group>";
		};
		BED813331C24EE6D0028F8B0 /* StarCat */ = {
			isa = PBXGroup;
			children = (
				BE2CAF1E1C3C0C5400B51FBF /* Sources */,
				BE2CAF1F1C3C0CE600B51FBF /* Support Files */,
				BE2CAF191C3C087100B51FBF /* Vendor Files */,
				BED8133D1C24EE6D0028F8B0 /* Assets.xcassets */,
				BED813421C24EE6D0028F8B0 /* Info.plist */,
			);
			path = StarCat;
			sourceTree = "<group>";
		};
		BED8134A1C24EE6D0028F8B0 /* StarCatTests */ = {
			isa = PBXGroup;
			children = (
				BE57ACC11C53D02B00305A54 /* Utils */,
				BEC803CE1C51F7E200594AA4 /* Models */,
				BED8134D1C24EE6D0028F8B0 /* Info.plist */,
				BED8134B1C24EE6D0028F8B0 /* StarCatSpec.swift */,
			);
			path = StarCatTests;
			sourceTree = "<group>";
		};
		BED813551C24EE6D0028F8B0 /* StarCatUITests */ = {
			isa = PBXGroup;
			children = (
				BED813581C24EE6D0028F8B0 /* Info.plist */,
				BED813561C24EE6D0028F8B0 /* StarCatUITests.swift */,
			);
			path = StarCatUITests;
			sourceTree = "<group>";
		};
		BEE0C0A41C33E0210014986D /* Views */ = {
			isa = PBXGroup;
			children = (
				BE598C241C4C8CC300E1A884 /* ColorizedImageView.swift */,
				BEB680781C3F9BD6007B2E08 /* ReadmeTextView.swift */,
				BEE0C0AA1C33EF1A0014986D /* RepoCell.swift */,
				BEE0C0AB1C33EF1A0014986D /* RepoCell.xib */,
				BE18EEE61C3A2BD900B92291 /* RoundButton.swift */,
				BEF5907F1C3A940600633417 /* RoundButtonBorder.swift */,
			);
			path = Views;
			sourceTree = "<group>";
		};
		BEE0C0AE1C3408A00014986D /* Utilities */ = {
			isa = PBXGroup;
			children = (
				BE3FCD781C3D74F4008A9B32 /* NSDate.swift */,
				BEE0C0B11C3408F80014986D /* PromiseResults.swift */,
			);
			path = Utilities;
			sourceTree = "<group>";
		};
		BEF605111C30239E0014D633 /* ViewModels */ = {
			isa = PBXGroup;
			children = (
				BED172F81C3E23E000C5A247 /* AppViewModel.swift */,
				BEF605121C3023F70014D633 /* NewsTabViewModel.swift */,
				BEF605161C3034820014D633 /* RepoViewModel.swift */,
				BE4707981C4B64B10069DA6F /* SearchViewModel.swift */,
				BE176E651C42010C00E29E4F /* UserViewModel.swift */,
			);
			path = ViewModels;
			sourceTree = "<group>";
		};
		BEF6051A1C3113DF0014D633 /* GitHubAPI */ = {
			isa = PBXGroup;
			children = (
				BEF605211C3116950014D633 /* Authentication.swift */,
				BEF6051B1C3113F30014D633 /* Decoding.swift */,
				BEF6051D1C3114220014D633 /* Requests.swift */,
			);
			path = GitHubAPI;
			sourceTree = "<group>";
		};
/* End PBXGroup section */

/* Begin PBXNativeTarget section */
		BED813301C24EE6D0028F8B0 /* StarCat */ = {
			isa = PBXNativeTarget;
			buildConfigurationList = BED8135B1C24EE6D0028F8B0 /* Build configuration list for PBXNativeTarget "StarCat" */;
			buildPhases = (
				65A7382F9609EAB9BC8141AF /* Check Pods Manifest.lock */,
				BED8132D1C24EE6D0028F8B0 /* Sources */,
				BED8132E1C24EE6D0028F8B0 /* Frameworks */,
				BED8132F1C24EE6D0028F8B0 /* Resources */,
				B387C2D9CD9C145D1A071B36 /* Embed Pods Frameworks */,
				7349B0E92F145E5285F4D883 /* Copy Pods Resources */,
			);
			buildRules = (
			);
			dependencies = (
			);
			name = StarCat;
			productName = StarCat;
			productReference = BED813311C24EE6D0028F8B0 /* StarCat.app */;
			productType = "com.apple.product-type.application";
		};
		BED813461C24EE6D0028F8B0 /* StarCatTests */ = {
			isa = PBXNativeTarget;
			buildConfigurationList = BED8135E1C24EE6D0028F8B0 /* Build configuration list for PBXNativeTarget "StarCatTests" */;
			buildPhases = (
				FA789590133053970CD1ABC2 /* Check Pods Manifest.lock */,
				BED813431C24EE6D0028F8B0 /* Sources */,
				BED813441C24EE6D0028F8B0 /* Frameworks */,
				BED813451C24EE6D0028F8B0 /* Resources */,
				F9DC9EC99B8D25A503A032B2 /* Embed Pods Frameworks */,
				E6F849D20B69E7594C0537FD /* Copy Pods Resources */,
			);
			buildRules = (
			);
			dependencies = (
				BED813491C24EE6D0028F8B0 /* PBXTargetDependency */,
			);
			name = StarCatTests;
			productName = StarCatTests;
			productReference = BED813471C24EE6D0028F8B0 /* StarCatTests.xctest */;
			productType = "com.apple.product-type.bundle.unit-test";
		};
		BED813511C24EE6D0028F8B0 /* StarCatUITests */ = {
			isa = PBXNativeTarget;
			buildConfigurationList = BED813611C24EE6D0028F8B0 /* Build configuration list for PBXNativeTarget "StarCatUITests" */;
			buildPhases = (
				BED8134E1C24EE6D0028F8B0 /* Sources */,
				BED8134F1C24EE6D0028F8B0 /* Frameworks */,
				BED813501C24EE6D0028F8B0 /* Resources */,
			);
			buildRules = (
			);
			dependencies = (
				BED813541C24EE6D0028F8B0 /* PBXTargetDependency */,
			);
			name = StarCatUITests;
			productName = StarCatUITests;
			productReference = BED813521C24EE6D0028F8B0 /* StarCatUITests.xctest */;
			productType = "com.apple.product-type.bundle.ui-testing";
		};
/* End PBXNativeTarget section */

/* Begin PBXProject section */
		BED813291C24EE6D0028F8B0 /* Project object */ = {
			isa = PBXProject;
			attributes = {
				LastSwiftUpdateCheck = 0720;
				LastUpgradeCheck = 0720;
				ORGANIZATIONNAME = seanchas116;
				TargetAttributes = {
					BED813301C24EE6D0028F8B0 = {
						CreatedOnToolsVersion = 7.2;
						DevelopmentTeam = Y98WFXTSVC;
					};
					BED813461C24EE6D0028F8B0 = {
						CreatedOnToolsVersion = 7.2;
						TestTargetID = BED813301C24EE6D0028F8B0;
					};
					BED813511C24EE6D0028F8B0 = {
						CreatedOnToolsVersion = 7.2;
						TestTargetID = BED813301C24EE6D0028F8B0;
					};
				};
			};
			buildConfigurationList = BED8132C1C24EE6D0028F8B0 /* Build configuration list for PBXProject "StarCat" */;
			compatibilityVersion = "Xcode 3.2";
			developmentRegion = English;
			hasScannedForEncodings = 0;
			knownRegions = (
				en,
				Base,
			);
			mainGroup = BED813281C24EE6D0028F8B0;
			productRefGroup = BED813321C24EE6D0028F8B0 /* Products */;
			projectDirPath = "";
			projectRoot = "";
			targets = (
				BED813301C24EE6D0028F8B0 /* StarCat */,
				BED813461C24EE6D0028F8B0 /* StarCatTests */,
				BED813511C24EE6D0028F8B0 /* StarCatUITests */,
			);
		};
/* End PBXProject section */

/* Begin PBXResourcesBuildPhase section */
		BED8132F1C24EE6D0028F8B0 /* Resources */ = {
			isa = PBXResourcesBuildPhase;
			buildActionMask = 2147483647;
			files = (
				BE561EF91C5929E50097D58E /* LoginButton.storyboard in Resources */,
				BE2CAF1D1C3C0AC800B51FBF /* github-markdown.css in Resources */,
				BED813411C24EE6D0028F8B0 /* LaunchScreen.storyboard in Resources */,
				BED8133E1C24EE6D0028F8B0 /* Assets.xcassets in Resources */,
				BED8133C1C24EE6D0028F8B0 /* Main.storyboard in Resources */,
				BE2CAF211C3C0CFE00B51FBF /* github-markdown-custom.css in Resources */,
				BE20D28D1C5CBA8B003C4926 /* Settings.storyboard in Resources */,
				BE176E621C41EFF700E29E4F /* User.storyboard in Resources */,
				BE47078F1C4A152D0069DA6F /* Organization.storyboard in Resources */,
				BEB1B9AB1C414B4400A730A0 /* Repo.storyboard in Resources */,
				BEE0C0AD1C33EF1A0014986D /* RepoCell.xib in Resources */,
			);
			runOnlyForDeploymentPostprocessing = 0;
		};
		BED813451C24EE6D0028F8B0 /* Resources */ = {
			isa = PBXResourcesBuildPhase;
			buildActionMask = 2147483647;
			files = (
			);
			runOnlyForDeploymentPostprocessing = 0;
		};
		BED813501C24EE6D0028F8B0 /* Resources */ = {
			isa = PBXResourcesBuildPhase;
			buildActionMask = 2147483647;
			files = (
			);
			runOnlyForDeploymentPostprocessing = 0;
		};
/* End PBXResourcesBuildPhase section */

/* Begin PBXShellScriptBuildPhase section */
		65A7382F9609EAB9BC8141AF /* Check Pods Manifest.lock */ = {
			isa = PBXShellScriptBuildPhase;
			buildActionMask = 2147483647;
			files = (
			);
			inputPaths = (
			);
			name = "Check Pods Manifest.lock";
			outputPaths = (
			);
			runOnlyForDeploymentPostprocessing = 0;
			shellPath = /bin/sh;
			shellScript = "diff \"${PODS_ROOT}/../Podfile.lock\" \"${PODS_ROOT}/Manifest.lock\" > /dev/null\nif [[ $? != 0 ]] ; then\n    cat << EOM\nerror: The sandbox is not in sync with the Podfile.lock. Run 'pod install' or update your CocoaPods installation.\nEOM\n    exit 1\nfi\n";
			showEnvVarsInLog = 0;
		};
		7349B0E92F145E5285F4D883 /* Copy Pods Resources */ = {
			isa = PBXShellScriptBuildPhase;
			buildActionMask = 2147483647;
			files = (
			);
			inputPaths = (
			);
			name = "Copy Pods Resources";
			outputPaths = (
			);
			runOnlyForDeploymentPostprocessing = 0;
			shellPath = /bin/sh;
			shellScript = "\"${SRCROOT}/Pods/Target Support Files/Pods/Pods-resources.sh\"\n";
			showEnvVarsInLog = 0;
		};
		B387C2D9CD9C145D1A071B36 /* Embed Pods Frameworks */ = {
			isa = PBXShellScriptBuildPhase;
			buildActionMask = 2147483647;
			files = (
			);
			inputPaths = (
			);
			name = "Embed Pods Frameworks";
			outputPaths = (
			);
			runOnlyForDeploymentPostprocessing = 0;
			shellPath = /bin/sh;
			shellScript = "\"${SRCROOT}/Pods/Target Support Files/Pods/Pods-frameworks.sh\"\n";
			showEnvVarsInLog = 0;
		};
		E6F849D20B69E7594C0537FD /* Copy Pods Resources */ = {
			isa = PBXShellScriptBuildPhase;
			buildActionMask = 2147483647;
			files = (
			);
			inputPaths = (
			);
			name = "Copy Pods Resources";
			outputPaths = (
			);
			runOnlyForDeploymentPostprocessing = 0;
			shellPath = /bin/sh;
			shellScript = "\"${SRCROOT}/Pods/Target Support Files/Pods-StarCatTests/Pods-StarCatTests-resources.sh\"\n";
			showEnvVarsInLog = 0;
		};
		F9DC9EC99B8D25A503A032B2 /* Embed Pods Frameworks */ = {
			isa = PBXShellScriptBuildPhase;
			buildActionMask = 2147483647;
			files = (
			);
			inputPaths = (
			);
			name = "Embed Pods Frameworks";
			outputPaths = (
			);
			runOnlyForDeploymentPostprocessing = 0;
			shellPath = /bin/sh;
			shellScript = "\"${SRCROOT}/Pods/Target Support Files/Pods-StarCatTests/Pods-StarCatTests-frameworks.sh\"\n";
			showEnvVarsInLog = 0;
		};
		FA789590133053970CD1ABC2 /* Check Pods Manifest.lock */ = {
			isa = PBXShellScriptBuildPhase;
			buildActionMask = 2147483647;
			files = (
			);
			inputPaths = (
			);
			name = "Check Pods Manifest.lock";
			outputPaths = (
			);
			runOnlyForDeploymentPostprocessing = 0;
			shellPath = /bin/sh;
			shellScript = "diff \"${PODS_ROOT}/../Podfile.lock\" \"${PODS_ROOT}/Manifest.lock\" > /dev/null\nif [[ $? != 0 ]] ; then\n    cat << EOM\nerror: The sandbox is not in sync with the Podfile.lock. Run 'pod install' or update your CocoaPods installation.\nEOM\n    exit 1\nfi\n";
			showEnvVarsInLog = 0;
		};
/* End PBXShellScriptBuildPhase section */

/* Begin PBXSourcesBuildPhase section */
		BED8132D1C24EE6D0028F8B0 /* Sources */ = {
			isa = PBXSourcesBuildPhase;
			buildActionMask = 2147483647;
			files = (
				BE176E681C4201B400E29E4F /* User.swift in Sources */,
				BE561EF61C5926AE0097D58E /* LoginButtonViewController.swift in Sources */,
				BE18EEE71C3A2BD900B92291 /* RoundButton.swift in Sources */,
				BE176E641C41F10200E29E4F /* UserViewController.swift in Sources */,
				BEE0C0B21C3408F80014986D /* PromiseResults.swift in Sources */,
				BE4707991C4B64B10069DA6F /* SearchViewModel.swift in Sources */,
				BED172F91C3E23E000C5A247 /* AppViewModel.swift in Sources */,
				BE3FCD791C3D74F4008A9B32 /* NSDate.swift in Sources */,
				BE4707911C4A198F0069DA6F /* OrganizationViewController.swift in Sources */,
				BEF6051C1C3113F30014D633 /* Decoding.swift in Sources */,
				BEF605191C30FCBB0014D633 /* RepoSummary.swift in Sources */,
				BE57ACC51C53D6E600305A54 /* StringUtils.swift in Sources */,
				BE3F45491C2A994500DD1863 /* Event.swift in Sources */,
				BEF6051E1C3114220014D633 /* Requests.swift in Sources */,
				BEE0C0AC1C33EF1A0014986D /* RepoCell.swift in Sources */,
				BEF605171C3034820014D633 /* RepoViewModel.swift in Sources */,
				BE546A651C4E30B500C71C0A /* Link.swift in Sources */,
				BE598C251C4C8CC300E1A884 /* ColorizedImageView.swift in Sources */,
				BEF605131C3023F70014D633 /* NewsTabViewModel.swift in Sources */,
				BE4707951C4A45680069DA6F /* SearchViewController.swift in Sources */,
				BE4E4EE61C46A39C009FCBE8 /* ModelCache.swift in Sources */,
				BE46B0041C38281400C8242C /* RepoViewController.swift in Sources */,
				BE4707931C4A2F640069DA6F /* UINavigationController+storyboard.swift in Sources */,
				BEB7705C1C476FC40000E9A8 /* Pagination.swift in Sources */,
				BEF605221C3116950014D633 /* Authentication.swift in Sources */,
				BE3F45461C2A993400DD1863 /* Repo.swift in Sources */,
				BE32404C1C57C8A200A9A87A /* QueryString.swift in Sources */,
				BED813351C24EE6D0028F8B0 /* AppDelegate.swift in Sources */,
				BE9A484D1C36234B00406DA6 /* NewsTableViewController.swift in Sources */,
				BE39BA221C291BF40000A87F /* TabBarController.swift in Sources */,
				BE4707971C4B47370069DA6F /* RepoTableViewController.swift in Sources */,
				BEF289551C429D9000F50A2A /* UILabel+Tap.swift in Sources */,
				BE8C23191C452D8E00691005 /* UITableView+scrollToTop.swift in Sources */,
				BEF590801C3A940600633417 /* RoundButtonBorder.swift in Sources */,
				BE699B941C59C34A004A9E7D /* AccessToken.swift in Sources */,
				BE47078B1C49EAA00069DA6F /* WebViewPopup.swift in Sources */,
				BEB680791C3F9BD6007B2E08 /* ReadmeTextView.swift in Sources */,
				BEBA2A711C26AACB00F64F05 /* Constants.swift in Sources */,
				BE8C231B1C45E15E00691005 /* TableViewPaginator.swift in Sources */,
				BE20D28F1C5CC9E6003C4926 /* SettingsViewController.swift in Sources */,
				BE176E661C42010C00E29E4F /* UserViewModel.swift in Sources */,
				BE3F45441C2A992500DD1863 /* UserSummary.swift in Sources */,
			);
			runOnlyForDeploymentPostprocessing = 0;
		};
		BED813431C24EE6D0028F8B0 /* Sources */ = {
			isa = PBXSourcesBuildPhase;
			buildActionMask = 2147483647;
			files = (
				BE57ACC31C53D03700305A54 /* utilSpec.swift in Sources */,
				BED8134C1C24EE6D0028F8B0 /* StarCatSpec.swift in Sources */,
				BEC803D01C51F80C00594AA4 /* LinkSpec.swift in Sources */,
			);
			runOnlyForDeploymentPostprocessing = 0;
		};
		BED8134E1C24EE6D0028F8B0 /* Sources */ = {
			isa = PBXSourcesBuildPhase;
			buildActionMask = 2147483647;
			files = (
				BED813571C24EE6D0028F8B0 /* StarCatUITests.swift in Sources */,
			);
			runOnlyForDeploymentPostprocessing = 0;
		};
/* End PBXSourcesBuildPhase section */

/* Begin PBXTargetDependency section */
		BED813491C24EE6D0028F8B0 /* PBXTargetDependency */ = {
			isa = PBXTargetDependency;
			target = BED813301C24EE6D0028F8B0 /* StarCat */;
			targetProxy = BED813481C24EE6D0028F8B0 /* PBXContainerItemProxy */;
		};
		BED813541C24EE6D0028F8B0 /* PBXTargetDependency */ = {
			isa = PBXTargetDependency;
			target = BED813301C24EE6D0028F8B0 /* StarCat */;
			targetProxy = BED813531C24EE6D0028F8B0 /* PBXContainerItemProxy */;
		};
/* End PBXTargetDependency section */

/* Begin PBXVariantGroup section */
		BE561EF71C5929E50097D58E /* LoginButton.storyboard */ = {
			isa = PBXVariantGroup;
			children = (
				BE561EF81C5929E50097D58E /* Base */,
			);
			name = LoginButton.storyboard;
			sourceTree = "<group>";
		};
		BED8133A1C24EE6D0028F8B0 /* Main.storyboard */ = {
			isa = PBXVariantGroup;
			children = (
				BED8133B1C24EE6D0028F8B0 /* Base */,
			);
			name = Main.storyboard;
			path = .;
			sourceTree = "<group>";
		};
		BED8133F1C24EE6D0028F8B0 /* LaunchScreen.storyboard */ = {
			isa = PBXVariantGroup;
			children = (
				BED813401C24EE6D0028F8B0 /* Base */,
			);
			name = LaunchScreen.storyboard;
			path = .;
			sourceTree = "<group>";
		};
/* End PBXVariantGroup section */

/* Begin XCBuildConfiguration section */
		BED813591C24EE6D0028F8B0 /* Debug */ = {
			isa = XCBuildConfiguration;
			buildSettings = {
				ALWAYS_SEARCH_USER_PATHS = NO;
				CLANG_CXX_LANGUAGE_STANDARD = "gnu++0x";
				CLANG_CXX_LIBRARY = "libc++";
				CLANG_ENABLE_MODULES = YES;
				CLANG_ENABLE_OBJC_ARC = YES;
				CLANG_WARN_BOOL_CONVERSION = YES;
				CLANG_WARN_CONSTANT_CONVERSION = YES;
				CLANG_WARN_DIRECT_OBJC_ISA_USAGE = YES_ERROR;
				CLANG_WARN_EMPTY_BODY = YES;
				CLANG_WARN_ENUM_CONVERSION = YES;
				CLANG_WARN_INT_CONVERSION = YES;
				CLANG_WARN_OBJC_ROOT_CLASS = YES_ERROR;
				CLANG_WARN_UNREACHABLE_CODE = YES;
				CLANG_WARN__DUPLICATE_METHOD_MATCH = YES;
				"CODE_SIGN_IDENTITY[sdk=iphoneos*]" = "iPhone Developer";
				COPY_PHASE_STRIP = NO;
				DEBUG_INFORMATION_FORMAT = dwarf;
				ENABLE_STRICT_OBJC_MSGSEND = YES;
				ENABLE_TESTABILITY = YES;
				GCC_C_LANGUAGE_STANDARD = gnu99;
				GCC_DYNAMIC_NO_PIC = NO;
				GCC_NO_COMMON_BLOCKS = YES;
				GCC_OPTIMIZATION_LEVEL = 0;
				GCC_PREPROCESSOR_DEFINITIONS = (
					"DEBUG=1",
					"$(inherited)",
				);
				GCC_WARN_64_TO_32_BIT_CONVERSION = YES;
				GCC_WARN_ABOUT_RETURN_TYPE = YES_ERROR;
				GCC_WARN_UNDECLARED_SELECTOR = YES;
				GCC_WARN_UNINITIALIZED_AUTOS = YES_AGGRESSIVE;
				GCC_WARN_UNUSED_FUNCTION = YES;
				GCC_WARN_UNUSED_VARIABLE = YES;
				IPHONEOS_DEPLOYMENT_TARGET = 9.2;
				MTL_ENABLE_DEBUG_INFO = YES;
				ONLY_ACTIVE_ARCH = YES;
				SDKROOT = iphoneos;
				SWIFT_OPTIMIZATION_LEVEL = "-Onone";
			};
			name = Debug;
		};
		BED8135A1C24EE6D0028F8B0 /* Release */ = {
			isa = XCBuildConfiguration;
			buildSettings = {
				ALWAYS_SEARCH_USER_PATHS = NO;
				CLANG_CXX_LANGUAGE_STANDARD = "gnu++0x";
				CLANG_CXX_LIBRARY = "libc++";
				CLANG_ENABLE_MODULES = YES;
				CLANG_ENABLE_OBJC_ARC = YES;
				CLANG_WARN_BOOL_CONVERSION = YES;
				CLANG_WARN_CONSTANT_CONVERSION = YES;
				CLANG_WARN_DIRECT_OBJC_ISA_USAGE = YES_ERROR;
				CLANG_WARN_EMPTY_BODY = YES;
				CLANG_WARN_ENUM_CONVERSION = YES;
				CLANG_WARN_INT_CONVERSION = YES;
				CLANG_WARN_OBJC_ROOT_CLASS = YES_ERROR;
				CLANG_WARN_UNREACHABLE_CODE = YES;
				CLANG_WARN__DUPLICATE_METHOD_MATCH = YES;
				"CODE_SIGN_IDENTITY[sdk=iphoneos*]" = "iPhone Developer";
				COPY_PHASE_STRIP = NO;
				DEBUG_INFORMATION_FORMAT = "dwarf-with-dsym";
				ENABLE_NS_ASSERTIONS = NO;
				ENABLE_STRICT_OBJC_MSGSEND = YES;
				GCC_C_LANGUAGE_STANDARD = gnu99;
				GCC_NO_COMMON_BLOCKS = YES;
				GCC_WARN_64_TO_32_BIT_CONVERSION = YES;
				GCC_WARN_ABOUT_RETURN_TYPE = YES_ERROR;
				GCC_WARN_UNDECLARED_SELECTOR = YES;
				GCC_WARN_UNINITIALIZED_AUTOS = YES_AGGRESSIVE;
				GCC_WARN_UNUSED_FUNCTION = YES;
				GCC_WARN_UNUSED_VARIABLE = YES;
				IPHONEOS_DEPLOYMENT_TARGET = 9.2;
				MTL_ENABLE_DEBUG_INFO = NO;
				SDKROOT = iphoneos;
				VALIDATE_PRODUCT = YES;
			};
			name = Release;
		};
		BED8135C1C24EE6D0028F8B0 /* Debug */ = {
			isa = XCBuildConfiguration;
			baseConfigurationReference = 45D4651B526DB97C5A7B6211 /* Pods.debug.xcconfig */;
			buildSettings = {
				ASSETCATALOG_COMPILER_APPICON_NAME = AppIcon;
				CODE_SIGN_IDENTITY = "iPhone Developer";
				"CODE_SIGN_IDENTITY[sdk=iphoneos*]" = "iPhone Developer";
				INFOPLIST_FILE = StarCat/Info.plist;
				LD_RUNPATH_SEARCH_PATHS = "$(inherited) @executable_path/Frameworks";
				PRODUCT_BUNDLE_IDENTIFIER = com.seanchas116.StarCat;
				PRODUCT_NAME = "$(TARGET_NAME)";
				PROVISIONING_PROFILE = "";
			};
			name = Debug;
		};
		BED8135D1C24EE6D0028F8B0 /* Release */ = {
			isa = XCBuildConfiguration;
			baseConfigurationReference = 0A959F1A7D8EB2EA20E7CDA3 /* Pods.release.xcconfig */;
			buildSettings = {
				ASSETCATALOG_COMPILER_APPICON_NAME = AppIcon;
				CODE_SIGN_IDENTITY = "iPhone Developer";
				"CODE_SIGN_IDENTITY[sdk=iphoneos*]" = "iPhone Developer";
				INFOPLIST_FILE = StarCat/Info.plist;
				LD_RUNPATH_SEARCH_PATHS = "$(inherited) @executable_path/Frameworks";
				PRODUCT_BUNDLE_IDENTIFIER = com.seanchas116.StarCat;
				PRODUCT_NAME = "$(TARGET_NAME)";
				PROVISIONING_PROFILE = "";
			};
			name = Release;
		};
		BED8135F1C24EE6D0028F8B0 /* Debug */ = {
			isa = XCBuildConfiguration;
			baseConfigurationReference = 2E9682EF13E906144BCAB7AF /* Pods-StarCatTests.debug.xcconfig */;
			buildSettings = {
				BUNDLE_LOADER = "$(TEST_HOST)";
				INFOPLIST_FILE = StarCatTests/Info.plist;
				LD_RUNPATH_SEARCH_PATHS = "$(inherited) @executable_path/Frameworks @loader_path/Frameworks";
				PRODUCT_BUNDLE_IDENTIFIER = com.seanchas116.StarCatTests;
				PRODUCT_NAME = "$(TARGET_NAME)";
				TEST_HOST = "$(BUILT_PRODUCTS_DIR)/StarCat.app/StarCat";
			};
			name = Debug;
		};
		BED813601C24EE6D0028F8B0 /* Release */ = {
			isa = XCBuildConfiguration;
			baseConfigurationReference = 893BAF14B24F6622A083F21C /* Pods-StarCatTests.release.xcconfig */;
			buildSettings = {
				BUNDLE_LOADER = "$(TEST_HOST)";
				INFOPLIST_FILE = StarCatTests/Info.plist;
				LD_RUNPATH_SEARCH_PATHS = "$(inherited) @executable_path/Frameworks @loader_path/Frameworks";
				PRODUCT_BUNDLE_IDENTIFIER = com.seanchas116.StarCatTests;
				PRODUCT_NAME = "$(TARGET_NAME)";
				TEST_HOST = "$(BUILT_PRODUCTS_DIR)/StarCat.app/StarCat";
			};
			name = Release;
		};
		BED813621C24EE6D0028F8B0 /* Debug */ = {
			isa = XCBuildConfiguration;
			buildSettings = {
				INFOPLIST_FILE = StarCatUITests/Info.plist;
				LD_RUNPATH_SEARCH_PATHS = "$(inherited) @executable_path/Frameworks @loader_path/Frameworks";
				PRODUCT_BUNDLE_IDENTIFIER = com.seanchas116.StarCatUITests;
				PRODUCT_NAME = "$(TARGET_NAME)";
				TEST_TARGET_NAME = StarCat;
				USES_XCTRUNNER = YES;
			};
			name = Debug;
		};
		BED813631C24EE6D0028F8B0 /* Release */ = {
			isa = XCBuildConfiguration;
			buildSettings = {
				INFOPLIST_FILE = StarCatUITests/Info.plist;
				LD_RUNPATH_SEARCH_PATHS = "$(inherited) @executable_path/Frameworks @loader_path/Frameworks";
				PRODUCT_BUNDLE_IDENTIFIER = com.seanchas116.StarCatUITests;
				PRODUCT_NAME = "$(TARGET_NAME)";
				TEST_TARGET_NAME = StarCat;
				USES_XCTRUNNER = YES;
			};
			name = Release;
		};
/* End XCBuildConfiguration section */

/* Begin XCConfigurationList section */
		BED8132C1C24EE6D0028F8B0 /* Build configuration list for PBXProject "StarCat" */ = {
			isa = XCConfigurationList;
			buildConfigurations = (
				BED813591C24EE6D0028F8B0 /* Debug */,
				BED8135A1C24EE6D0028F8B0 /* Release */,
			);
			defaultConfigurationIsVisible = 0;
			defaultConfigurationName = Release;
		};
		BED8135B1C24EE6D0028F8B0 /* Build configuration list for PBXNativeTarget "StarCat" */ = {
			isa = XCConfigurationList;
			buildConfigurations = (
				BED8135C1C24EE6D0028F8B0 /* Debug */,
				BED8135D1C24EE6D0028F8B0 /* Release */,
			);
			defaultConfigurationIsVisible = 0;
			defaultConfigurationName = Release;
		};
		BED8135E1C24EE6D0028F8B0 /* Build configuration list for PBXNativeTarget "StarCatTests" */ = {
			isa = XCConfigurationList;
			buildConfigurations = (
				BED8135F1C24EE6D0028F8B0 /* Debug */,
				BED813601C24EE6D0028F8B0 /* Release */,
			);
			defaultConfigurationIsVisible = 0;
			defaultConfigurationName = Release;
		};
		BED813611C24EE6D0028F8B0 /* Build configuration list for PBXNativeTarget "StarCatUITests" */ = {
			isa = XCConfigurationList;
			buildConfigurations = (
				BED813621C24EE6D0028F8B0 /* Debug */,
				BED813631C24EE6D0028F8B0 /* Release */,
			);
			defaultConfigurationIsVisible = 0;
			defaultConfigurationName = Release;
		};
/* End XCConfigurationList section */
	};
	rootObject = BED813291C24EE6D0028F8B0 /* Project object */;
}
