PODS:
  - APIKit (1.1.2):
    - Result (~> 1.0.1)
  - KeychainAccess (2.3.3)
  - Result (1.0.1)

DEPENDENCIES:
  - APIKit (~> 1.1.2)
  - KeychainAccess

SPEC CHECKSUMS:
  APIKit: d6e313f1ca3b0cae30a7059f872f7780d8a147ec
  KeychainAccess: 9b7e49e48277e329b1b3195e54697ed313d30acf
  Result: caef80340451e1f07492fa1e89117f83613bce24

COCOAPODS: 0.39.0
