# THIS IS AN AUTOGENERATED FILE. DO NOT EDIT THIS FILE DIRECTLY.
# yarn lockfile v1


github-markdown-css@^2.4.1:
  version "2.4.1"
  resolved "https://registry.yarnpkg.com/github-markdown-css/-/github-markdown-css-2.4.1.tgz#b4736d84eea8367a03b3248cf546dda3e8dc55e3"

highlight.js@^9.9.0:
  version "9.9.0"
  resolved "https://registry.yarnpkg.com/highlight.js/-/highlight.js-9.9.0.tgz#b9995dcfdc2773e307a34f0460d92b9a474782c0"
